# This file is automatically @generated by Poetry 1.6.1 and should not be changed by hand.

[[package]]
name = "appdirs"
version = "1.4.4"
description = "A small Python module for determining appropriate platform-specific dirs, e.g. a \"user data dir\"."
optional = false
python-versions = "*"
files = [
    {file = "appdirs-1.4.4-py2.py3-none-any.whl", hash = "sha256:a841dacd6b99318a741b166adb07e19ee71a274450e68237b4650ca1055ab128"},
    {file = "appdirs-1.4.4.tar.gz", hash = "sha256:7d5d0167b2b1ba821647616af46a749d1c653740dd0d2415100fe26e27afdf41"},
]

[[package]]
name = "argcomplete"
version = "3.1.2"
description = "Bash tab completion for argparse"
optional = false
python-versions = ">=3.6"
files = [
    {file = "argcomplete-3.1.2-py3-none-any.whl", hash = "sha256:d97c036d12a752d1079f190bc1521c545b941fda89ad85d15afa909b4d1b9a99"},
    {file = "argcomplete-3.1.2.tar.gz", hash = "sha256:d5d1e5efd41435260b8f85673b74ea2e883affcbec9f4230c582689e8e78251b"},
]

[package.extras]
test = ["coverage", "mypy", "pexpect", "ruff", "wheel"]

[[package]]
name = "attrs"
version = "23.1.0"
description = "Classes Without Boilerplate"
optional = false
python-versions = ">=3.7"
files = [
    {file = "attrs-23.1.0-py3-none-any.whl", hash = "sha256:1f28b4522cdc2fb4256ac1a020c78acf9cba2c6b461ccd2c126f3aa8e8335d04"},
    {file = "attrs-23.1.0.tar.gz", hash = "sha256:6279836d581513a26f1bf235f9acd333bc9115683f14f7e8fae46c98fc50e015"},
]

[package.extras]
cov = ["attrs[tests]", "coverage[toml] (>=5.3)"]
dev = ["attrs[docs,tests]", "pre-commit"]
docs = ["furo", "myst-parser", "sphinx", "sphinx-notfound-page", "sphinxcontrib-towncrier", "towncrier", "zope-interface"]
tests = ["attrs[tests-no-zope]", "zope-interface"]
tests-no-zope = ["cloudpickle", "hypothesis", "mypy (>=1.1.1)", "pympler", "pytest (>=4.3.0)", "pytest-mypy-plugins", "pytest-xdist[psutil]"]

[[package]]
name = "colorama"
version = "0.4.6"
description = "Cross-platform colored terminal text."
optional = false
python-versions = "!=3.0.*,!=3.1.*,!=3.2.*,!=3.3.*,!=3.4.*,!=3.5.*,!=3.6.*,>=2.7"
files = [
    {file = "colorama-0.4.6-py2.py3-none-any.whl", hash = "sha256:4f1d9991f5acc0ca119f9d443620b77f9d6b33703e51011c16baf57afb285fc6"},
    {file = "colorama-0.4.6.tar.gz", hash = "sha256:08695f5cb7ed6e0531a20572697297273c47b8cae5a63ffc6d6ed5c201be6e44"},
]

[[package]]
name = "dotty-dict"
version = "1.3.1"
description = "Dictionary wrapper for quick access to deeply nested keys."
optional = false
python-versions = ">=3.5,<4.0"
files = [
    {file = "dotty_dict-1.3.1-py3-none-any.whl", hash = "sha256:5022d234d9922f13aa711b4950372a06a6d64cb6d6db9ba43d0ba133ebfce31f"},
    {file = "dotty_dict-1.3.1.tar.gz", hash = "sha256:4b016e03b8ae265539757a53eba24b9bfda506fb94fbce0bee843c6f05541a15"},
]

[[package]]
name = "flake8"
version = "5.0.4"
description = "the modular source code checker: pep8 pyflakes and co"
optional = false
python-versions = ">=3.6.1"
files = [
    {file = "flake8-5.0.4-py2.py3-none-any.whl", hash = "sha256:7a1cf6b73744f5806ab95e526f6f0d8c01c66d7bbe349562d22dfca20610b248"},
    {file = "flake8-5.0.4.tar.gz", hash = "sha256:6fbe320aad8d6b95cec8b8e47bc933004678dc63095be98528b7bdd2a9f510db"},
]

[package.dependencies]
mccabe = ">=0.7.0,<0.8.0"
pycodestyle = ">=2.9.0,<2.10.0"
pyflakes = ">=2.5.0,<2.6.0"

[[package]]
name = "halo"
version = "0.0.31"
description = "Beautiful terminal spinners in Python"
optional = false
python-versions = ">=3.4"
files = [
    {file = "halo-0.0.31-py2-none-any.whl", hash = "sha256:5350488fb7d2aa7c31a1344120cee67a872901ce8858f60da7946cef96c208ab"},
    {file = "halo-0.0.31.tar.gz", hash = "sha256:7b67a3521ee91d53b7152d4ee3452811e1d2a6321975137762eb3d70063cc9d6"},
]

[package.dependencies]
colorama = ">=0.3.9"
log-symbols = ">=0.0.14"
six = ">=1.12.0"
spinners = ">=0.0.24"
termcolor = ">=1.1.0"

[package.extras]
ipython = ["IPython (==5.7.0)", "ipywidgets (==7.1.0)"]

[[package]]
name = "hid"
version = "1.0.5"
description = "ctypes bindings for hidapi"
optional = false
python-versions = "*"
files = [
    {file = "hid-1.0.5-py2-none-any.whl", hash = "sha256:11836b877e81ab68cdd3abc44f2e230f0e6146c7e17ac45c185b72e0159fc9c7"},
    {file = "hid-1.0.5.tar.gz", hash = "sha256:1e954e7f7ab9b7c9dfc78db59504692c17db3b71249492b976b1525b97dbb0e8"},
]

[[package]]
name = "hjson"
version = "3.1.0"
description = "Hjson, a user interface for JSON."
optional = false
python-versions = "*"
files = [
    {file = "hjson-3.1.0-py3-none-any.whl", hash = "sha256:65713cdcf13214fb554eb8b4ef803419733f4f5e551047c9b711098ab7186b89"},
    {file = "hjson-3.1.0.tar.gz", hash = "sha256:55af475a27cf83a7969c808399d7bccdec8fb836a07ddbd574587593b9cdcf75"},
]

[[package]]
name = "importlib-metadata"
version = "6.8.0"
description = "Read metadata from Python packages"
optional = false
python-versions = ">=3.8"
files = [
    {file = "importlib_metadata-6.8.0-py3-none-any.whl", hash = "sha256:3ebb78df84a805d7698245025b975d9d67053cd94c79245ba4b3eb694abe68bb"},
    {file = "importlib_metadata-6.8.0.tar.gz", hash = "sha256:dbace7892d8c0c4ac1ad096662232f831d4e64f4c4545bd53016a3e9d4654743"},
]

[package.dependencies]
zipp = ">=0.5"

[package.extras]
docs = ["furo", "jaraco.packaging (>=9)", "jaraco.tidelift (>=1.4)", "rst.linker (>=1.9)", "sphinx (>=3.5)", "sphinx-lint"]
perf = ["ipython"]
testing = ["flufl.flake8", "importlib-resources (>=1.3)", "packaging", "pyfakefs", "pytest (>=6)", "pytest-black (>=0.3.7)", "pytest-checkdocs (>=2.4)", "pytest-cov", "pytest-enabler (>=2.2)", "pytest-mypy (>=0.9.1)", "pytest-perf (>=0.9.2)", "pytest-ruff"]

[[package]]
name = "importlib-resources"
version = "6.1.0"
description = "Read resources from Python packages"
optional = false
python-versions = ">=3.8"
files = [
    {file = "importlib_resources-6.1.0-py3-none-any.whl", hash = "sha256:aa50258bbfa56d4e33fbd8aa3ef48ded10d1735f11532b8df95388cc6bdb7e83"},
    {file = "importlib_resources-6.1.0.tar.gz", hash = "sha256:9d48dcccc213325e810fd723e7fbb45ccb39f6cf5c31f00cf2b965f5f10f3cb9"},
]

[package.dependencies]
zipp = {version = ">=3.1.0", markers = "python_version < \"3.10\""}

[package.extras]
docs = ["furo", "jaraco.packaging (>=9.3)", "jaraco.tidelift (>=1.4)", "rst.linker (>=1.9)", "sphinx (<7.2.5)", "sphinx (>=3.5)", "sphinx-lint"]
testing = ["pytest (>=6)", "pytest-black (>=0.3.7)", "pytest-checkdocs (>=2.4)", "pytest-cov", "pytest-enabler (>=2.2)", "pytest-mypy (>=0.9.1)", "pytest-ruff", "zipp (>=3.17)"]

[[package]]
name = "jsonschema"
version = "4.18.0"
description = "An implementation of JSON Schema validation for Python"
optional = false
python-versions = ">=3.8"
files = [
    {file = "jsonschema-4.18.0-py3-none-any.whl", hash = "sha256:b508dd6142bd03f4c3670534c80af68cd7bbff9ea830b9cf2625d4a3c49ddf60"},
    {file = "jsonschema-4.18.0.tar.gz", hash = "sha256:8caf5b57a990a98e9b39832ef3cb35c176fe331414252b6e1b26fd5866f891a4"},
]

[package.dependencies]
attrs = ">=22.2.0"
importlib-resources = {version = ">=1.4.0", markers = "python_version < \"3.9\""}
jsonschema-specifications = ">=2023.03.6"
pkgutil-resolve-name = {version = ">=1.3.10", markers = "python_version < \"3.9\""}
referencing = ">=0.28.4"
rpds-py = ">=0.7.1"

[package.extras]
format = ["fqdn", "idna", "isoduration", "jsonpointer (>1.13)", "rfc3339-validator", "rfc3987", "uri-template", "webcolors (>=1.11)"]
format-nongpl = ["fqdn", "idna", "isoduration", "jsonpointer (>1.13)", "rfc3339-validator", "rfc3986-validator (>0.1.0)", "uri-template", "webcolors (>=1.11)"]

[[package]]
name = "jsonschema-specifications"
version = "2023.7.1"
description = "The JSON Schema meta-schemas and vocabularies, exposed as a Registry"
optional = false
python-versions = ">=3.8"
files = [
    {file = "jsonschema_specifications-2023.7.1-py3-none-any.whl", hash = "sha256:05adf340b659828a004220a9613be00fa3f223f2b82002e273dee62fd50524b1"},
    {file = "jsonschema_specifications-2023.7.1.tar.gz", hash = "sha256:c91a50404e88a1f6ba40636778e2ee08f6e24c5613fe4c53ac24578a5a7f72bb"},
]

[package.dependencies]
importlib-resources = {version = ">=1.4.0", markers = "python_version < \"3.9\""}
referencing = ">=0.28.0"

[[package]]
name = "log-symbols"
version = "0.0.14"
description = "Colored symbols for various log levels for Python"
optional = false
python-versions = "*"
files = [
    {file = "log_symbols-0.0.14-py3-none-any.whl", hash = "sha256:4952106ff8b605ab7d5081dd2c7e6ca7374584eff7086f499c06edd1ce56dcca"},
    {file = "log_symbols-0.0.14.tar.gz", hash = "sha256:cf0bbc6fe1a8e53f0d174a716bc625c4f87043cc21eb55dd8a740cfe22680556"},
]

[package.dependencies]
colorama = ">=0.3.9"

[[package]]
name = "mccabe"
version = "0.7.0"
description = "McCabe checker, plugin for flake8"
optional = false
python-versions = ">=3.6"
files = [
    {file = "mccabe-0.7.0-py2.py3-none-any.whl", hash = "sha256:6c2d30ab6be0e4a46919781807b4f0d834ebdd6c6e3dca0bda5a15f863427b6e"},
    {file = "mccabe-0.7.0.tar.gz", hash = "sha256:348e0240c33b60bbdf4e523192ef919f28cb2c3d7d5c7794f74009290f236325"},
]

[[package]]
name = "milc"
version = "1.6.8"
description = "Opinionated Batteries-Included Python 3 CLI Framework."
optional = false
python-versions = "*"
files = [
    {file = "milc-1.6.8-py2.py3-none-any.whl", hash = "sha256:d72282b5a6cdba4498b31fe26710e1cafcd07086e7f5201a7ba001fbf7b2ce81"},
    {file = "milc-1.6.8.tar.gz", hash = "sha256:a2ac93a771c1ff2304a1a5d7c28d13b07986d39e8099adb1408c8e62c46bdcde"},
]

[package.dependencies]
appdirs = "*"
argcomplete = "*"
colorama = "*"
halo = "*"
spinners = "*"

[[package]]
name = "nose2"
version = "0.14.0"
description = "unittest with plugins"
optional = false
python-versions = ">=3.8"
files = [
    {file = "nose2-0.14.0-py3-none-any.whl", hash = "sha256:86993e9243c744df29c1ec237aecee33e2f59abb4bdd25a313f2e806b99228a1"},
    {file = "nose2-0.14.0.tar.gz", hash = "sha256:5c28d770a0b9a702862bd6c3755ba2cd2f7994dd518c982e5ce298d7f37466a4"},
]

[package.extras]
coverage-plugin = ["coverage"]
dev = ["Sphinx", "sphinx-issues", "sphinx-rtd-theme"]

[[package]]
name = "pep8-naming"
version = "0.13.3"
description = "Check PEP-8 naming conventions, plugin for flake8"
optional = false
python-versions = ">=3.7"
files = [
    {file = "pep8-naming-0.13.3.tar.gz", hash = "sha256:1705f046dfcd851378aac3be1cd1551c7c1e5ff363bacad707d43007877fa971"},
    {file = "pep8_naming-0.13.3-py3-none-any.whl", hash = "sha256:1a86b8c71a03337c97181917e2b472f0f5e4ccb06844a0d6f0a33522549e7a80"},
]

[package.dependencies]
flake8 = ">=5.0.0"

[[package]]
name = "pillow"
version = "10.1.0"
description = "Python Imaging Library (Fork)"
optional = false
python-versions = ">=3.8"
files = [
    {file = "Pillow-10.1.0-cp310-cp310-macosx_10_10_x86_64.whl", hash = "sha256:1ab05f3db77e98f93964697c8efc49c7954b08dd61cff526b7f2531a22410106"},
    {file = "Pillow-10.1.0-cp310-cp310-macosx_11_0_arm64.whl", hash = "sha256:6932a7652464746fcb484f7fc3618e6503d2066d853f68a4bd97193a3996e273"},
    {file = "Pillow-10.1.0-cp310-cp310-manylinux_2_17_aarch64.manylinux2014_aarch64.whl", hash = "sha256:a5f63b5a68daedc54c7c3464508d8c12075e56dcfbd42f8c1bf40169061ae666"},
    {file = "Pillow-10.1.0-cp310-cp310-manylinux_2_17_x86_64.manylinux2014_x86_64.whl", hash = "sha256:c0949b55eb607898e28eaccb525ab104b2d86542a85c74baf3a6dc24002edec2"},
    {file = "Pillow-10.1.0-cp310-cp310-manylinux_2_28_aarch64.whl", hash = "sha256:ae88931f93214777c7a3aa0a8f92a683f83ecde27f65a45f95f22d289a69e593"},
    {file = "Pillow-10.1.0-cp310-cp310-manylinux_2_28_x86_64.whl", hash = "sha256:b0eb01ca85b2361b09480784a7931fc648ed8b7836f01fb9241141b968feb1db"},
    {file = "Pillow-10.1.0-cp310-cp310-musllinux_1_1_aarch64.whl", hash = "sha256:d27b5997bdd2eb9fb199982bb7eb6164db0426904020dc38c10203187ae2ff2f"},
    {file = "Pillow-10.1.0-cp310-cp310-musllinux_1_1_x86_64.whl", hash = "sha256:7df5608bc38bd37ef585ae9c38c9cd46d7c81498f086915b0f97255ea60c2818"},
    {file = "Pillow-10.1.0-cp310-cp310-win_amd64.whl", hash = "sha256:41f67248d92a5e0a2076d3517d8d4b1e41a97e2df10eb8f93106c89107f38b57"},
    {file = "Pillow-10.1.0-cp311-cp311-macosx_10_10_x86_64.whl", hash = "sha256:1fb29c07478e6c06a46b867e43b0bcdb241b44cc52be9bc25ce5944eed4648e7"},
    {file = "Pillow-10.1.0-cp311-cp311-macosx_11_0_arm64.whl", hash = "sha256:2cdc65a46e74514ce742c2013cd4a2d12e8553e3a2563c64879f7c7e4d28bce7"},
    {file = "Pillow-10.1.0-cp311-cp311-manylinux_2_17_aarch64.manylinux2014_aarch64.whl", hash = "sha256:50d08cd0a2ecd2a8657bd3d82c71efd5a58edb04d9308185d66c3a5a5bed9610"},
    {file = "Pillow-10.1.0-cp311-cp311-manylinux_2_17_x86_64.manylinux2014_x86_64.whl", hash = "sha256:062a1610e3bc258bff2328ec43f34244fcec972ee0717200cb1425214fe5b839"},
    {file = "Pillow-10.1.0-cp311-cp311-manylinux_2_28_aarch64.whl", hash = "sha256:61f1a9d247317fa08a308daaa8ee7b3f760ab1809ca2da14ecc88ae4257d6172"},
    {file = "Pillow-10.1.0-cp311-cp311-manylinux_2_28_x86_64.whl", hash = "sha256:a646e48de237d860c36e0db37ecaecaa3619e6f3e9d5319e527ccbc8151df061"},
    {file = "Pillow-10.1.0-cp311-cp311-musllinux_1_1_aarch64.whl", hash = "sha256:47e5bf85b80abc03be7455c95b6d6e4896a62f6541c1f2ce77a7d2bb832af262"},
    {file = "Pillow-10.1.0-cp311-cp311-musllinux_1_1_x86_64.whl", hash = "sha256:a92386125e9ee90381c3369f57a2a50fa9e6aa8b1cf1d9c4b200d41a7dd8e992"},
    {file = "Pillow-10.1.0-cp311-cp311-win_amd64.whl", hash = "sha256:0f7c276c05a9767e877a0b4c5050c8bee6a6d960d7f0c11ebda6b99746068c2a"},
    {file = "Pillow-10.1.0-cp312-cp312-macosx_10_10_x86_64.whl", hash = "sha256:a89b8312d51715b510a4fe9fc13686283f376cfd5abca8cd1c65e4c76e21081b"},
    {file = "Pillow-10.1.0-cp312-cp312-macosx_11_0_arm64.whl", hash = "sha256:00f438bb841382b15d7deb9a05cc946ee0f2c352653c7aa659e75e592f6fa17d"},
    {file = "Pillow-10.1.0-cp312-cp312-manylinux_2_17_aarch64.manylinux2014_aarch64.whl", hash = "sha256:3d929a19f5469b3f4df33a3df2983db070ebb2088a1e145e18facbc28cae5b27"},
    {file = "Pillow-10.1.0-cp312-cp312-manylinux_2_17_x86_64.manylinux2014_x86_64.whl", hash = "sha256:9a92109192b360634a4489c0c756364c0c3a2992906752165ecb50544c251312"},
    {file = "Pillow-10.1.0-cp312-cp312-manylinux_2_28_aarch64.whl", hash = "sha256:0248f86b3ea061e67817c47ecbe82c23f9dd5d5226200eb9090b3873d3ca32de"},
    {file = "Pillow-10.1.0-cp312-cp312-manylinux_2_28_x86_64.whl", hash = "sha256:9882a7451c680c12f232a422730f986a1fcd808da0fd428f08b671237237d651"},
    {file = "Pillow-10.1.0-cp312-cp312-musllinux_1_1_aarch64.whl", hash = "sha256:1c3ac5423c8c1da5928aa12c6e258921956757d976405e9467c5f39d1d577a4b"},
    {file = "Pillow-10.1.0-cp312-cp312-musllinux_1_1_x86_64.whl", hash = "sha256:806abdd8249ba3953c33742506fe414880bad78ac25cc9a9b1c6ae97bedd573f"},
    {file = "Pillow-10.1.0-cp312-cp312-win_amd64.whl", hash = "sha256:eaed6977fa73408b7b8a24e8b14e59e1668cfc0f4c40193ea7ced8e210adf996"},
    {file = "Pillow-10.1.0-cp38-cp38-macosx_10_10_x86_64.whl", hash = "sha256:fe1e26e1ffc38be097f0ba1d0d07fcade2bcfd1d023cda5b29935ae8052bd793"},
    {file = "Pillow-10.1.0-cp38-cp38-macosx_11_0_arm64.whl", hash = "sha256:7a7e3daa202beb61821c06d2517428e8e7c1aab08943e92ec9e5755c2fc9ba5e"},
    {file = "Pillow-10.1.0-cp38-cp38-manylinux_2_17_aarch64.manylinux2014_aarch64.whl", hash = "sha256:24fadc71218ad2b8ffe437b54876c9382b4a29e030a05a9879f615091f42ffc2"},
    {file = "Pillow-10.1.0-cp38-cp38-manylinux_2_17_x86_64.manylinux2014_x86_64.whl", hash = "sha256:fa1d323703cfdac2036af05191b969b910d8f115cf53093125e4058f62012c9a"},
    {file = "Pillow-10.1.0-cp38-cp38-manylinux_2_28_aarch64.whl", hash = "sha256:912e3812a1dbbc834da2b32299b124b5ddcb664ed354916fd1ed6f193f0e2d01"},
    {file = "Pillow-10.1.0-cp38-cp38-manylinux_2_28_x86_64.whl", hash = "sha256:7dbaa3c7de82ef37e7708521be41db5565004258ca76945ad74a8e998c30af8d"},
    {file = "Pillow-10.1.0-cp38-cp38-musllinux_1_1_aarch64.whl", hash = "sha256:9d7bc666bd8c5a4225e7ac71f2f9d12466ec555e89092728ea0f5c0c2422ea80"},
    {file = "Pillow-10.1.0-cp38-cp38-musllinux_1_1_x86_64.whl", hash = "sha256:baada14941c83079bf84c037e2d8b7506ce201e92e3d2fa0d1303507a8538212"},
    {file = "Pillow-10.1.0-cp38-cp38-win_amd64.whl", hash = "sha256:2ef6721c97894a7aa77723740a09547197533146fba8355e86d6d9a4a1056b14"},
    {file = "Pillow-10.1.0-cp39-cp39-macosx_10_10_x86_64.whl", hash = "sha256:0a026c188be3b443916179f5d04548092e253beb0c3e2ee0a4e2cdad72f66099"},
    {file = "Pillow-10.1.0-cp39-cp39-macosx_11_0_arm64.whl", hash = "sha256:04f6f6149f266a100374ca3cc368b67fb27c4af9f1cc8cb6306d849dcdf12616"},
    {file = "Pillow-10.1.0-cp39-cp39-manylinux_2_17_aarch64.manylinux2014_aarch64.whl", hash = "sha256:bb40c011447712d2e19cc261c82655f75f32cb724788df315ed992a4d65696bb"},
    {file = "Pillow-10.1.0-cp39-cp39-manylinux_2_17_x86_64.manylinux2014_x86_64.whl", hash = "sha256:1a8413794b4ad9719346cd9306118450b7b00d9a15846451549314a58ac42219"},
    {file = "Pillow-10.1.0-cp39-cp39-manylinux_2_28_aarch64.whl", hash = "sha256:c9aeea7b63edb7884b031a35305629a7593272b54f429a9869a4f63a1bf04c34"},
    {file = "Pillow-10.1.0-cp39-cp39-manylinux_2_28_x86_64.whl", hash = "sha256:b4005fee46ed9be0b8fb42be0c20e79411533d1fd58edabebc0dd24626882cfd"},
    {file = "Pillow-10.1.0-cp39-cp39-musllinux_1_1_aarch64.whl", hash = "sha256:4d0152565c6aa6ebbfb1e5d8624140a440f2b99bf7afaafbdbf6430426497f28"},
    {file = "Pillow-10.1.0-cp39-cp39-musllinux_1_1_x86_64.whl", hash = "sha256:d921bc90b1defa55c9917ca6b6b71430e4286fc9e44c55ead78ca1a9f9eba5f2"},
    {file = "Pillow-10.1.0-cp39-cp39-win_amd64.whl", hash = "sha256:cfe96560c6ce2f4c07d6647af2d0f3c54cc33289894ebd88cfbb3bcd5391e256"},
    {file = "Pillow-10.1.0-pp310-pypy310_pp73-macosx_10_10_x86_64.whl", hash = "sha256:937bdc5a7f5343d1c97dc98149a0be7eb9704e937fe3dc7140e229ae4fc572a7"},
    {file = "Pillow-10.1.0-pp310-pypy310_pp73-manylinux_2_17_x86_64.manylinux2014_x86_64.whl", hash = "sha256:b1c25762197144e211efb5f4e8ad656f36c8d214d390585d1d21281f46d556ba"},
    {file = "Pillow-10.1.0-pp310-pypy310_pp73-manylinux_2_28_x86_64.whl", hash = "sha256:afc8eef765d948543a4775f00b7b8c079b3321d6b675dde0d02afa2ee23000b4"},
    {file = "Pillow-10.1.0-pp310-pypy310_pp73-win_amd64.whl", hash = "sha256:883f216eac8712b83a63f41b76ddfb7b2afab1b74abbb413c5df6680f071a6b9"},
    {file = "Pillow-10.1.0-pp39-pypy39_pp73-macosx_10_10_x86_64.whl", hash = "sha256:b920e4d028f6442bea9a75b7491c063f0b9a3972520731ed26c83e254302eb1e"},
    {file = "Pillow-10.1.0-pp39-pypy39_pp73-manylinux_2_17_x86_64.manylinux2014_x86_64.whl", hash = "sha256:1c41d960babf951e01a49c9746f92c5a7e0d939d1652d7ba30f6b3090f27e412"},
    {file = "Pillow-10.1.0-pp39-pypy39_pp73-manylinux_2_28_x86_64.whl", hash = "sha256:1fafabe50a6977ac70dfe829b2d5735fd54e190ab55259ec8aea4aaea412fa0b"},
    {file = "Pillow-10.1.0-pp39-pypy39_pp73-win_amd64.whl", hash = "sha256:3b834f4b16173e5b92ab6566f0473bfb09f939ba14b23b8da1f54fa63e4b623f"},
    {file = "Pillow-10.1.0.tar.gz", hash = "sha256:e6bf8de6c36ed96c86ea3b6e1d5273c53f46ef518a062464cd7ef5dd2cf92e38"},
]

[package.extras]
docs = ["furo", "olefile", "sphinx (>=2.4)", "sphinx-copybutton", "sphinx-inline-tabs", "sphinx-removed-in", "sphinxext-opengraph"]
tests = ["check-manifest", "coverage", "defusedxml", "markdown2", "olefile", "packaging", "pyroma", "pytest", "pytest-cov", "pytest-timeout"]

[[package]]
name = "pkgutil-resolve-name"
version = "1.3.10"
description = "Resolve a name to an object."
optional = false
python-versions = ">=3.6"
files = [
    {file = "pkgutil_resolve_name-1.3.10-py3-none-any.whl", hash = "sha256:ca27cc078d25c5ad71a9de0a7a330146c4e014c2462d9af19c6b828280649c5e"},
    {file = "pkgutil_resolve_name-1.3.10.tar.gz", hash = "sha256:357d6c9e6a755653cfd78893817c0853af365dd51ec97f3d358a819373bbd174"},
]

[[package]]
name = "platformdirs"
version = "3.11.0"
description = "A small Python package for determining appropriate platform-specific dirs, e.g. a \"user data dir\"."
optional = false
python-versions = ">=3.7"
files = [
    {file = "platformdirs-3.11.0-py3-none-any.whl", hash = "sha256:e9d171d00af68be50e9202731309c4e658fd8bc76f55c11c7dd760d023bda68e"},
    {file = "platformdirs-3.11.0.tar.gz", hash = "sha256:cf8ee52a3afdb965072dcc652433e0c7e3e40cf5ea1477cd4b3b1d2eb75495b3"},
]

[package.extras]
docs = ["furo (>=2023.7.26)", "proselint (>=0.13)", "sphinx (>=7.1.1)", "sphinx-autodoc-typehints (>=1.24)"]
test = ["appdirs (==1.4.4)", "covdefaults (>=2.3)", "pytest (>=7.4)", "pytest-cov (>=4.1)", "pytest-mock (>=3.11.1)"]

[[package]]
name = "pycodestyle"
version = "2.9.1"
description = "Python style guide checker"
optional = false
python-versions = ">=3.6"
files = [
    {file = "pycodestyle-2.9.1-py2.py3-none-any.whl", hash = "sha256:d1735fc58b418fd7c5f658d28d943854f8a849b01a5d0a1e6f3f3fdd0166804b"},
    {file = "pycodestyle-2.9.1.tar.gz", hash = "sha256:2c9607871d58c76354b697b42f5d57e1ada7d261c261efac224b664affdc5785"},
]

[[package]]
name = "pyflakes"
version = "2.5.0"
description = "passive checker of Python programs"
optional = false
python-versions = ">=3.6"
files = [
    {file = "pyflakes-2.5.0-py2.py3-none-any.whl", hash = "sha256:4579f67d887f804e67edb544428f264b7b24f435b263c4614f384135cea553d2"},
    {file = "pyflakes-2.5.0.tar.gz", hash = "sha256:491feb020dca48ccc562a8c0cbe8df07ee13078df59813b83959cbdada312ea3"},
]

[[package]]
name = "pygments"
version = "2.16.1"
description = "Pygments is a syntax highlighting package written in Python."
optional = false
python-versions = ">=3.7"
files = [
    {file = "Pygments-2.16.1-py3-none-any.whl", hash = "sha256:13fc09fa63bc8d8671a6d247e1eb303c4b343eaee81d861f3404db2935653692"},
    {file = "Pygments-2.16.1.tar.gz", hash = "sha256:1daff0494820c69bc8941e407aa20f577374ee88364ee10a98fdbe0aece96e29"},
]

[package.extras]
plugins = ["importlib-metadata"]

[[package]]
name = "pyserial"
version = "3.5"
description = "Python Serial Port Extension"
optional = false
python-versions = "*"
files = [
    {file = "pyserial-3.5-py2.py3-none-any.whl", hash = "sha256:c4451db6ba391ca6ca299fb3ec7bae67a5c55dde170964c7a14ceefec02f2cf0"},
    {file = "pyserial-3.5.tar.gz", hash = "sha256:3c77e014170dfffbd816e6ffc205e9842efb10be9f58ec16d3e8675b4925cddb"},
]

[package.extras]
cp2110 = ["hidapi"]

[[package]]
name = "pyusb"
version = "1.2.1"
description = "Python USB access module"
optional = false
python-versions = ">=3.6.0"
files = [
    {file = "pyusb-1.2.1-py3-none-any.whl", hash = "sha256:2b4c7cb86dbadf044dfb9d3a4ff69fd217013dbe78a792177a3feb172449ea36"},
    {file = "pyusb-1.2.1.tar.gz", hash = "sha256:a4cc7404a203144754164b8b40994e2849fde1cfff06b08492f12fff9d9de7b9"},
]

[[package]]
name = "qmk"
version = "1.1.2"
description = "A program to help users work with QMK Firmware."
optional = false
python-versions = ">=3.7"
files = [
    {file = "qmk-1.1.2-py2.py3-none-any.whl", hash = "sha256:c5a8dd46d7c3e474d5140ce89f117285d65b3eda0fed0a5d8fd554afbd71cf56"},
    {file = "qmk-1.1.2.tar.gz", hash = "sha256:f871f88f1a0ca31ba31a009d716417e46bc538a4f8df8ede6a801c9076c22998"},
]

[package.dependencies]
dotty-dict = "*"
hid = "*"
hjson = "*"
jsonschema = ">=4"
milc = ">=1.4.2"
pillow = "*"
pygments = "*"
pyserial = "*"
pyusb = "*"
setuptools = ">=45"

[[package]]
name = "referencing"
version = "0.30.2"
description = "JSON Referencing + Python"
optional = false
python-versions = ">=3.8"
files = [
    {file = "referencing-0.30.2-py3-none-any.whl", hash = "sha256:449b6669b6121a9e96a7f9e410b245d471e8d48964c67113ce9afe50c8dd7bdf"},
    {file = "referencing-0.30.2.tar.gz", hash = "sha256:794ad8003c65938edcdbc027f1933215e0d0ccc0291e3ce20a4d87432b59efc0"},
]

[package.dependencies]
attrs = ">=22.2.0"
rpds-py = ">=0.7.0"

[[package]]
name = "rpds-py"
version = "0.10.6"
description = "Python bindings to Rust's persistent data structures (rpds)"
optional = false
python-versions = ">=3.8"
files = [
    {file = "rpds_py-0.10.6-cp310-cp310-macosx_10_7_x86_64.whl", hash = "sha256:6bdc11f9623870d75692cc33c59804b5a18d7b8a4b79ef0b00b773a27397d1f6"},
    {file = "rpds_py-0.10.6-cp310-cp310-macosx_11_0_arm64.whl", hash = "sha256:26857f0f44f0e791f4a266595a7a09d21f6b589580ee0585f330aaccccb836e3"},
    {file = "rpds_py-0.10.6-cp310-cp310-manylinux_2_17_aarch64.manylinux2014_aarch64.whl", hash = "sha256:d7f5e15c953ace2e8dde9824bdab4bec50adb91a5663df08d7d994240ae6fa31"},
    {file = "rpds_py-0.10.6-cp310-cp310-manylinux_2_17_armv7l.manylinux2014_armv7l.whl", hash = "sha256:61fa268da6e2e1cd350739bb61011121fa550aa2545762e3dc02ea177ee4de35"},
    {file = "rpds_py-0.10.6-cp310-cp310-manylinux_2_17_ppc64le.manylinux2014_ppc64le.whl", hash = "sha256:c48f3fbc3e92c7dd6681a258d22f23adc2eb183c8cb1557d2fcc5a024e80b094"},
    {file = "rpds_py-0.10.6-cp310-cp310-manylinux_2_17_s390x.manylinux2014_s390x.whl", hash = "sha256:c0503c5b681566e8b722fe8c4c47cce5c7a51f6935d5c7012c4aefe952a35eed"},
    {file = "rpds_py-0.10.6-cp310-cp310-manylinux_2_17_x86_64.manylinux2014_x86_64.whl", hash = "sha256:734c41f9f57cc28658d98270d3436dba65bed0cfc730d115b290e970150c540d"},
    {file = "rpds_py-0.10.6-cp310-cp310-manylinux_2_5_i686.manylinux1_i686.whl", hash = "sha256:a5d7ed104d158c0042a6a73799cf0eb576dfd5fc1ace9c47996e52320c37cb7c"},
    {file = "rpds_py-0.10.6-cp310-cp310-musllinux_1_2_aarch64.whl", hash = "sha256:e3df0bc35e746cce42579826b89579d13fd27c3d5319a6afca9893a9b784ff1b"},
    {file = "rpds_py-0.10.6-cp310-cp310-musllinux_1_2_i686.whl", hash = "sha256:73e0a78a9b843b8c2128028864901f55190401ba38aae685350cf69b98d9f7c9"},
    {file = "rpds_py-0.10.6-cp310-cp310-musllinux_1_2_x86_64.whl", hash = "sha256:5ed505ec6305abd2c2c9586a7b04fbd4baf42d4d684a9c12ec6110deefe2a063"},
    {file = "rpds_py-0.10.6-cp310-none-win32.whl", hash = "sha256:d97dd44683802000277bbf142fd9f6b271746b4846d0acaf0cefa6b2eaf2a7ad"},
    {file = "rpds_py-0.10.6-cp310-none-win_amd64.whl", hash = "sha256:b455492cab07107bfe8711e20cd920cc96003e0da3c1f91297235b1603d2aca7"},
    {file = "rpds_py-0.10.6-cp311-cp311-macosx_10_7_x86_64.whl", hash = "sha256:e8cdd52744f680346ff8c1ecdad5f4d11117e1724d4f4e1874f3a67598821069"},
    {file = "rpds_py-0.10.6-cp311-cp311-macosx_11_0_arm64.whl", hash = "sha256:66414dafe4326bca200e165c2e789976cab2587ec71beb80f59f4796b786a238"},
    {file = "rpds_py-0.10.6-cp311-cp311-manylinux_2_17_aarch64.manylinux2014_aarch64.whl", hash = "sha256:cc435d059f926fdc5b05822b1be4ff2a3a040f3ae0a7bbbe672babb468944722"},
    {file = "rpds_py-0.10.6-cp311-cp311-manylinux_2_17_armv7l.manylinux2014_armv7l.whl", hash = "sha256:8e7f2219cb72474571974d29a191714d822e58be1eb171f229732bc6fdedf0ac"},
    {file = "rpds_py-0.10.6-cp311-cp311-manylinux_2_17_ppc64le.manylinux2014_ppc64le.whl", hash = "sha256:3953c6926a63f8ea5514644b7afb42659b505ece4183fdaaa8f61d978754349e"},
    {file = "rpds_py-0.10.6-cp311-cp311-manylinux_2_17_s390x.manylinux2014_s390x.whl", hash = "sha256:2bb2e4826be25e72013916eecd3d30f66fd076110de09f0e750163b416500721"},
    {file = "rpds_py-0.10.6-cp311-cp311-manylinux_2_17_x86_64.manylinux2014_x86_64.whl", hash = "sha256:7bf347b495b197992efc81a7408e9a83b931b2f056728529956a4d0858608b80"},
    {file = "rpds_py-0.10.6-cp311-cp311-manylinux_2_5_i686.manylinux1_i686.whl", hash = "sha256:102eac53bb0bf0f9a275b438e6cf6904904908562a1463a6fc3323cf47d7a532"},
    {file = "rpds_py-0.10.6-cp311-cp311-musllinux_1_2_aarch64.whl", hash = "sha256:40f93086eef235623aa14dbddef1b9fb4b22b99454cb39a8d2e04c994fb9868c"},
    {file = "rpds_py-0.10.6-cp311-cp311-musllinux_1_2_i686.whl", hash = "sha256:e22260a4741a0e7a206e175232867b48a16e0401ef5bce3c67ca5b9705879066"},
    {file = "rpds_py-0.10.6-cp311-cp311-musllinux_1_2_x86_64.whl", hash = "sha256:f4e56860a5af16a0fcfa070a0a20c42fbb2012eed1eb5ceeddcc7f8079214281"},
    {file = "rpds_py-0.10.6-cp311-none-win32.whl", hash = "sha256:0774a46b38e70fdde0c6ded8d6d73115a7c39d7839a164cc833f170bbf539116"},
    {file = "rpds_py-0.10.6-cp311-none-win_amd64.whl", hash = "sha256:4a5ee600477b918ab345209eddafde9f91c0acd931f3776369585a1c55b04c57"},
    {file = "rpds_py-0.10.6-cp312-cp312-macosx_10_7_x86_64.whl", hash = "sha256:5ee97c683eaface61d38ec9a489e353d36444cdebb128a27fe486a291647aff6"},
    {file = "rpds_py-0.10.6-cp312-cp312-macosx_11_0_arm64.whl", hash = "sha256:0713631d6e2d6c316c2f7b9320a34f44abb644fc487b77161d1724d883662e31"},
    {file = "rpds_py-0.10.6-cp312-cp312-manylinux_2_17_aarch64.manylinux2014_aarch64.whl", hash = "sha256:b5a53f5998b4bbff1cb2e967e66ab2addc67326a274567697379dd1e326bded7"},
    {file = "rpds_py-0.10.6-cp312-cp312-manylinux_2_17_armv7l.manylinux2014_armv7l.whl", hash = "sha256:6a555ae3d2e61118a9d3e549737bb4a56ff0cec88a22bd1dfcad5b4e04759175"},
    {file = "rpds_py-0.10.6-cp312-cp312-manylinux_2_17_ppc64le.manylinux2014_ppc64le.whl", hash = "sha256:945eb4b6bb8144909b203a88a35e0a03d22b57aefb06c9b26c6e16d72e5eb0f0"},
    {file = "rpds_py-0.10.6-cp312-cp312-manylinux_2_17_s390x.manylinux2014_s390x.whl", hash = "sha256:52c215eb46307c25f9fd2771cac8135d14b11a92ae48d17968eda5aa9aaf5071"},
    {file = "rpds_py-0.10.6-cp312-cp312-manylinux_2_17_x86_64.manylinux2014_x86_64.whl", hash = "sha256:c1b3cd23d905589cb205710b3988fc8f46d4a198cf12862887b09d7aaa6bf9b9"},
    {file = "rpds_py-0.10.6-cp312-cp312-manylinux_2_5_i686.manylinux1_i686.whl", hash = "sha256:64ccc28683666672d7c166ed465c09cee36e306c156e787acef3c0c62f90da5a"},
    {file = "rpds_py-0.10.6-cp312-cp312-musllinux_1_2_aarch64.whl", hash = "sha256:516a611a2de12fbea70c78271e558f725c660ce38e0006f75139ba337d56b1f6"},
    {file = "rpds_py-0.10.6-cp312-cp312-musllinux_1_2_i686.whl", hash = "sha256:9ff93d3aedef11f9c4540cf347f8bb135dd9323a2fc705633d83210d464c579d"},
    {file = "rpds_py-0.10.6-cp312-cp312-musllinux_1_2_x86_64.whl", hash = "sha256:d858532212f0650be12b6042ff4378dc2efbb7792a286bee4489eaa7ba010586"},
    {file = "rpds_py-0.10.6-cp312-none-win32.whl", hash = "sha256:3c4eff26eddac49d52697a98ea01b0246e44ca82ab09354e94aae8823e8bda02"},
    {file = "rpds_py-0.10.6-cp312-none-win_amd64.whl", hash = "sha256:150eec465dbc9cbca943c8e557a21afdcf9bab8aaabf386c44b794c2f94143d2"},
    {file = "rpds_py-0.10.6-cp38-cp38-macosx_10_7_x86_64.whl", hash = "sha256:cf693eb4a08eccc1a1b636e4392322582db2a47470d52e824b25eca7a3977b53"},
    {file = "rpds_py-0.10.6-cp38-cp38-macosx_11_0_arm64.whl", hash = "sha256:4134aa2342f9b2ab6c33d5c172e40f9ef802c61bb9ca30d21782f6e035ed0043"},
    {file = "rpds_py-0.10.6-cp38-cp38-manylinux_2_17_aarch64.manylinux2014_aarch64.whl", hash = "sha256:e782379c2028a3611285a795b89b99a52722946d19fc06f002f8b53e3ea26ea9"},
    {file = "rpds_py-0.10.6-cp38-cp38-manylinux_2_17_armv7l.manylinux2014_armv7l.whl", hash = "sha256:2f6da6d842195fddc1cd34c3da8a40f6e99e4a113918faa5e60bf132f917c247"},
    {file = "rpds_py-0.10.6-cp38-cp38-manylinux_2_17_ppc64le.manylinux2014_ppc64le.whl", hash = "sha256:b4a9fe992887ac68256c930a2011255bae0bf5ec837475bc6f7edd7c8dfa254e"},
    {file = "rpds_py-0.10.6-cp38-cp38-manylinux_2_17_s390x.manylinux2014_s390x.whl", hash = "sha256:b788276a3c114e9f51e257f2a6f544c32c02dab4aa7a5816b96444e3f9ffc336"},
    {file = "rpds_py-0.10.6-cp38-cp38-manylinux_2_17_x86_64.manylinux2014_x86_64.whl", hash = "sha256:caa1afc70a02645809c744eefb7d6ee8fef7e2fad170ffdeacca267fd2674f13"},
    {file = "rpds_py-0.10.6-cp38-cp38-manylinux_2_5_i686.manylinux1_i686.whl", hash = "sha256:bddd4f91eede9ca5275e70479ed3656e76c8cdaaa1b354e544cbcf94c6fc8ac4"},
    {file = "rpds_py-0.10.6-cp38-cp38-musllinux_1_2_aarch64.whl", hash = "sha256:775049dfa63fb58293990fc59473e659fcafd953bba1d00fc5f0631a8fd61977"},
    {file = "rpds_py-0.10.6-cp38-cp38-musllinux_1_2_i686.whl", hash = "sha256:c6c45a2d2b68c51fe3d9352733fe048291e483376c94f7723458cfd7b473136b"},
    {file = "rpds_py-0.10.6-cp38-cp38-musllinux_1_2_x86_64.whl", hash = "sha256:0699ab6b8c98df998c3eacf51a3b25864ca93dab157abe358af46dc95ecd9801"},
    {file = "rpds_py-0.10.6-cp38-none-win32.whl", hash = "sha256:ebdab79f42c5961682654b851f3f0fc68e6cc7cd8727c2ac4ffff955154123c1"},
    {file = "rpds_py-0.10.6-cp38-none-win_amd64.whl", hash = "sha256:24656dc36f866c33856baa3ab309da0b6a60f37d25d14be916bd3e79d9f3afcf"},
    {file = "rpds_py-0.10.6-cp39-cp39-macosx_10_7_x86_64.whl", hash = "sha256:0898173249141ee99ffcd45e3829abe7bcee47d941af7434ccbf97717df020e5"},
    {file = "rpds_py-0.10.6-cp39-cp39-macosx_11_0_arm64.whl", hash = "sha256:9e9184fa6c52a74a5521e3e87badbf9692549c0fcced47443585876fcc47e469"},
    {file = "rpds_py-0.10.6-cp39-cp39-manylinux_2_17_aarch64.manylinux2014_aarch64.whl", hash = "sha256:5752b761902cd15073a527b51de76bbae63d938dc7c5c4ad1e7d8df10e765138"},
    {file = "rpds_py-0.10.6-cp39-cp39-manylinux_2_17_armv7l.manylinux2014_armv7l.whl", hash = "sha256:99a57006b4ec39dbfb3ed67e5b27192792ffb0553206a107e4aadb39c5004cd5"},
    {file = "rpds_py-0.10.6-cp39-cp39-manylinux_2_17_ppc64le.manylinux2014_ppc64le.whl", hash = "sha256:09586f51a215d17efdb3a5f090d7cbf1633b7f3708f60a044757a5d48a83b393"},
    {file = "rpds_py-0.10.6-cp39-cp39-manylinux_2_17_s390x.manylinux2014_s390x.whl", hash = "sha256:e225a6a14ecf44499aadea165299092ab0cba918bb9ccd9304eab1138844490b"},
    {file = "rpds_py-0.10.6-cp39-cp39-manylinux_2_17_x86_64.manylinux2014_x86_64.whl", hash = "sha256:b2039f8d545f20c4e52713eea51a275e62153ee96c8035a32b2abb772b6fc9e5"},
    {file = "rpds_py-0.10.6-cp39-cp39-manylinux_2_5_i686.manylinux1_i686.whl", hash = "sha256:34ad87a831940521d462ac11f1774edf867c34172010f5390b2f06b85dcc6014"},
    {file = "rpds_py-0.10.6-cp39-cp39-musllinux_1_2_aarch64.whl", hash = "sha256:dcdc88b6b01015da066da3fb76545e8bb9a6880a5ebf89e0f0b2e3ca557b3ab7"},
    {file = "rpds_py-0.10.6-cp39-cp39-musllinux_1_2_i686.whl", hash = "sha256:25860ed5c4e7f5e10c496ea78af46ae8d8468e0be745bd233bab9ca99bfd2647"},
    {file = "rpds_py-0.10.6-cp39-cp39-musllinux_1_2_x86_64.whl", hash = "sha256:7854a207ef77319ec457c1eb79c361b48807d252d94348305db4f4b62f40f7f3"},
    {file = "rpds_py-0.10.6-cp39-none-win32.whl", hash = "sha256:e6fcc026a3f27c1282c7ed24b7fcac82cdd70a0e84cc848c0841a3ab1e3dea2d"},
    {file = "rpds_py-0.10.6-cp39-none-win_amd64.whl", hash = "sha256:e98c4c07ee4c4b3acf787e91b27688409d918212dfd34c872201273fdd5a0e18"},
    {file = "rpds_py-0.10.6-pp310-pypy310_pp73-macosx_10_7_x86_64.whl", hash = "sha256:68fe9199184c18d997d2e4293b34327c0009a78599ce703e15cd9a0f47349bba"},
    {file = "rpds_py-0.10.6-pp310-pypy310_pp73-macosx_11_0_arm64.whl", hash = "sha256:3339eca941568ed52d9ad0f1b8eb9fe0958fa245381747cecf2e9a78a5539c42"},
    {file = "rpds_py-0.10.6-pp310-pypy310_pp73-manylinux_2_17_aarch64.manylinux2014_aarch64.whl", hash = "sha256:a360cfd0881d36c6dc271992ce1eda65dba5e9368575663de993eeb4523d895f"},
    {file = "rpds_py-0.10.6-pp310-pypy310_pp73-manylinux_2_17_armv7l.manylinux2014_armv7l.whl", hash = "sha256:031f76fc87644a234883b51145e43985aa2d0c19b063e91d44379cd2786144f8"},
    {file = "rpds_py-0.10.6-pp310-pypy310_pp73-manylinux_2_17_ppc64le.manylinux2014_ppc64le.whl", hash = "sha256:1f36a9d751f86455dc5278517e8b65580eeee37d61606183897f122c9e51cef3"},
    {file = "rpds_py-0.10.6-pp310-pypy310_pp73-manylinux_2_17_s390x.manylinux2014_s390x.whl", hash = "sha256:052a832078943d2b2627aea0d19381f607fe331cc0eb5df01991268253af8417"},
    {file = "rpds_py-0.10.6-pp310-pypy310_pp73-manylinux_2_17_x86_64.manylinux2014_x86_64.whl", hash = "sha256:023574366002bf1bd751ebaf3e580aef4a468b3d3c216d2f3f7e16fdabd885ed"},
    {file = "rpds_py-0.10.6-pp310-pypy310_pp73-manylinux_2_5_i686.manylinux1_i686.whl", hash = "sha256:defa2c0c68734f4a82028c26bcc85e6b92cced99866af118cd6a89b734ad8e0d"},
    {file = "rpds_py-0.10.6-pp310-pypy310_pp73-musllinux_1_2_aarch64.whl", hash = "sha256:879fb24304ead6b62dbe5034e7b644b71def53c70e19363f3c3be2705c17a3b4"},
    {file = "rpds_py-0.10.6-pp310-pypy310_pp73-musllinux_1_2_i686.whl", hash = "sha256:53c43e10d398e365da2d4cc0bcaf0854b79b4c50ee9689652cdc72948e86f487"},
    {file = "rpds_py-0.10.6-pp310-pypy310_pp73-musllinux_1_2_x86_64.whl", hash = "sha256:3777cc9dea0e6c464e4b24760664bd8831738cc582c1d8aacf1c3f546bef3f65"},
    {file = "rpds_py-0.10.6-pp38-pypy38_pp73-macosx_10_7_x86_64.whl", hash = "sha256:40578a6469e5d1df71b006936ce95804edb5df47b520c69cf5af264d462f2cbb"},
    {file = "rpds_py-0.10.6-pp38-pypy38_pp73-macosx_11_0_arm64.whl", hash = "sha256:cf71343646756a072b85f228d35b1d7407da1669a3de3cf47f8bbafe0c8183a4"},
    {file = "rpds_py-0.10.6-pp38-pypy38_pp73-manylinux_2_17_aarch64.manylinux2014_aarch64.whl", hash = "sha256:10f32b53f424fc75ff7b713b2edb286fdbfc94bf16317890260a81c2c00385dc"},
    {file = "rpds_py-0.10.6-pp38-pypy38_pp73-manylinux_2_17_armv7l.manylinux2014_armv7l.whl", hash = "sha256:81de24a1c51cfb32e1fbf018ab0bdbc79c04c035986526f76c33e3f9e0f3356c"},
    {file = "rpds_py-0.10.6-pp38-pypy38_pp73-manylinux_2_17_ppc64le.manylinux2014_ppc64le.whl", hash = "sha256:ac17044876e64a8ea20ab132080ddc73b895b4abe9976e263b0e30ee5be7b9c2"},
    {file = "rpds_py-0.10.6-pp38-pypy38_pp73-manylinux_2_17_s390x.manylinux2014_s390x.whl", hash = "sha256:5e8a78bd4879bff82daef48c14d5d4057f6856149094848c3ed0ecaf49f5aec2"},
    {file = "rpds_py-0.10.6-pp38-pypy38_pp73-manylinux_2_17_x86_64.manylinux2014_x86_64.whl", hash = "sha256:78ca33811e1d95cac8c2e49cb86c0fb71f4d8409d8cbea0cb495b6dbddb30a55"},
    {file = "rpds_py-0.10.6-pp38-pypy38_pp73-manylinux_2_5_i686.manylinux1_i686.whl", hash = "sha256:c63c3ef43f0b3fb00571cff6c3967cc261c0ebd14a0a134a12e83bdb8f49f21f"},
    {file = "rpds_py-0.10.6-pp38-pypy38_pp73-musllinux_1_2_aarch64.whl", hash = "sha256:7fde6d0e00b2fd0dbbb40c0eeec463ef147819f23725eda58105ba9ca48744f4"},
    {file = "rpds_py-0.10.6-pp38-pypy38_pp73-musllinux_1_2_i686.whl", hash = "sha256:79edd779cfc46b2e15b0830eecd8b4b93f1a96649bcb502453df471a54ce7977"},
    {file = "rpds_py-0.10.6-pp38-pypy38_pp73-musllinux_1_2_x86_64.whl", hash = "sha256:9164ec8010327ab9af931d7ccd12ab8d8b5dc2f4c6a16cbdd9d087861eaaefa1"},
    {file = "rpds_py-0.10.6-pp39-pypy39_pp73-macosx_10_7_x86_64.whl", hash = "sha256:d29ddefeab1791e3c751e0189d5f4b3dbc0bbe033b06e9c333dca1f99e1d523e"},
    {file = "rpds_py-0.10.6-pp39-pypy39_pp73-macosx_11_0_arm64.whl", hash = "sha256:30adb75ecd7c2a52f5e76af50644b3e0b5ba036321c390b8e7ec1bb2a16dd43c"},
    {file = "rpds_py-0.10.6-pp39-pypy39_pp73-manylinux_2_17_aarch64.manylinux2014_aarch64.whl", hash = "sha256:dd609fafdcdde6e67a139898196698af37438b035b25ad63704fd9097d9a3482"},
    {file = "rpds_py-0.10.6-pp39-pypy39_pp73-manylinux_2_17_armv7l.manylinux2014_armv7l.whl", hash = "sha256:6eef672de005736a6efd565577101277db6057f65640a813de6c2707dc69f396"},
    {file = "rpds_py-0.10.6-pp39-pypy39_pp73-manylinux_2_17_ppc64le.manylinux2014_ppc64le.whl", hash = "sha256:6cf4393c7b41abbf07c88eb83e8af5013606b1cdb7f6bc96b1b3536b53a574b8"},
    {file = "rpds_py-0.10.6-pp39-pypy39_pp73-manylinux_2_17_s390x.manylinux2014_s390x.whl", hash = "sha256:ad857f42831e5b8d41a32437f88d86ead6c191455a3499c4b6d15e007936d4cf"},
    {file = "rpds_py-0.10.6-pp39-pypy39_pp73-manylinux_2_17_x86_64.manylinux2014_x86_64.whl", hash = "sha256:1d7360573f1e046cb3b0dceeb8864025aa78d98be4bb69f067ec1c40a9e2d9df"},
    {file = "rpds_py-0.10.6-pp39-pypy39_pp73-manylinux_2_5_i686.manylinux1_i686.whl", hash = "sha256:d08f63561c8a695afec4975fae445245386d645e3e446e6f260e81663bfd2e38"},
    {file = "rpds_py-0.10.6-pp39-pypy39_pp73-musllinux_1_2_aarch64.whl", hash = "sha256:f0f17f2ce0f3529177a5fff5525204fad7b43dd437d017dd0317f2746773443d"},
    {file = "rpds_py-0.10.6-pp39-pypy39_pp73-musllinux_1_2_i686.whl", hash = "sha256:442626328600bde1d09dc3bb00434f5374948838ce75c41a52152615689f9403"},
    {file = "rpds_py-0.10.6-pp39-pypy39_pp73-musllinux_1_2_x86_64.whl", hash = "sha256:e9616f5bd2595f7f4a04b67039d890348ab826e943a9bfdbe4938d0eba606971"},
    {file = "rpds_py-0.10.6.tar.gz", hash = "sha256:4ce5a708d65a8dbf3748d2474b580d606b1b9f91b5c6ab2a316e0b0cf7a4ba50"},
]

[[package]]
name = "setuptools"
version = "68.2.2"
description = "Easily download, build, install, upgrade, and uninstall Python packages"
optional = false
python-versions = ">=3.8"
files = [
    {file = "setuptools-68.2.2-py3-none-any.whl", hash = "sha256:b454a35605876da60632df1a60f736524eb73cc47bbc9f3f1ef1b644de74fd2a"},
    {file = "setuptools-68.2.2.tar.gz", hash = "sha256:4ac1475276d2f1c48684874089fefcd83bd7162ddaafb81fac866ba0db282a87"},
]

[package.extras]
docs = ["furo", "jaraco.packaging (>=9.3)", "jaraco.tidelift (>=1.4)", "pygments-github-lexers (==0.0.5)", "rst.linker (>=1.9)", "sphinx (>=3.5)", "sphinx-favicon", "sphinx-hoverxref (<2)", "sphinx-inline-tabs", "sphinx-lint", "sphinx-notfound-page (>=1,<2)", "sphinx-reredirects", "sphinxcontrib-towncrier"]
testing = ["build[virtualenv]", "filelock (>=3.4.0)", "flake8-2020", "ini2toml[lite] (>=0.9)", "jaraco.develop (>=7.21)", "jaraco.envs (>=2.2)", "jaraco.path (>=3.2.0)", "pip (>=19.1)", "pytest (>=6)", "pytest-black (>=0.3.7)", "pytest-checkdocs (>=2.4)", "pytest-cov", "pytest-enabler (>=2.2)", "pytest-mypy (>=0.9.1)", "pytest-perf", "pytest-ruff", "pytest-timeout", "pytest-xdist", "tomli-w (>=1.0.0)", "virtualenv (>=13.0.0)", "wheel"]
testing-integration = ["build[virtualenv] (>=1.0.3)", "filelock (>=3.4.0)", "jaraco.envs (>=2.2)", "jaraco.path (>=3.2.0)", "packaging (>=23.1)", "pytest", "pytest-enabler", "pytest-xdist", "tomli", "virtualenv (>=13.0.0)", "wheel"]

[[package]]
name = "six"
version = "1.16.0"
description = "Python 2 and 3 compatibility utilities"
optional = false
python-versions = ">=2.7, !=3.0.*, !=3.1.*, !=3.2.*"
files = [
    {file = "six-1.16.0-py2.py3-none-any.whl", hash = "sha256:8abb2f1d86890a2dfb989f9a77cfcfd3e47c2a354b01111771326f8aa26e0254"},
    {file = "six-1.16.0.tar.gz", hash = "sha256:1e61c37477a1626458e36f7b1d82aa5c9b094fa4802892072e49de9c60c4c926"},
]

[[package]]
name = "spinners"
version = "0.0.24"
description = "Spinners for terminals"
optional = false
python-versions = "*"
files = [
    {file = "spinners-0.0.24-py3-none-any.whl", hash = "sha256:2fa30d0b72c9650ad12bbe031c9943b8d441e41b4f5602b0ec977a19f3290e98"},
    {file = "spinners-0.0.24.tar.gz", hash = "sha256:1eb6aeb4781d72ab42ed8a01dcf20f3002bf50740d7154d12fb8c9769bf9e27f"},
]

[[package]]
name = "termcolor"
version = "2.3.0"
description = "ANSI color formatting for output in terminal"
optional = false
python-versions = ">=3.7"
files = [
    {file = "termcolor-2.3.0-py3-none-any.whl", hash = "sha256:3afb05607b89aed0ffe25202399ee0867ad4d3cb4180d98aaf8eefa6a5f7d475"},
    {file = "termcolor-2.3.0.tar.gz", hash = "sha256:b5b08f68937f138fe92f6c089b99f1e2da0ae56c52b78bf7075fd95420fd9a5a"},
]

[package.extras]
tests = ["pytest", "pytest-cov"]

[[package]]
name = "tomli"
version = "2.0.1"
description = "A lil' TOML parser"
optional = false
python-versions = ">=3.7"
files = [
    {file = "tomli-2.0.1-py3-none-any.whl", hash = "sha256:939de3e7a6161af0c887ef91b7d41a53e7c5a1ca976325f429cb46ea9bc30ecc"},
    {file = "tomli-2.0.1.tar.gz", hash = "sha256:de526c12914f0c550d15924c62d72abc48d6fe7364aa87328337a31007fe8a4f"},
]

[[package]]
name = "yapf"
version = "0.40.2"
description = "A formatter for Python code"
optional = false
python-versions = ">=3.7"
files = [
    {file = "yapf-0.40.2-py3-none-any.whl", hash = "sha256:adc8b5dd02c0143108878c499284205adb258aad6db6634e5b869e7ee2bd548b"},
    {file = "yapf-0.40.2.tar.gz", hash = "sha256:4dab8a5ed7134e26d57c1647c7483afb3f136878b579062b786c9ba16b94637b"},
]

[package.dependencies]
importlib-metadata = ">=6.6.0"
platformdirs = ">=3.5.1"
tomli = ">=2.0.1"

[[package]]
name = "zipp"
version = "3.17.0"
description = "Backport of pathlib-compatible object wrapper for zip files"
optional = false
python-versions = ">=3.8"
files = [
    {file = "zipp-3.17.0-py3-none-any.whl", hash = "sha256:0e923e726174922dce09c53c59ad483ff7bbb8e572e00c7f7c46b88556409f31"},
    {file = "zipp-3.17.0.tar.gz", hash = "sha256:84e64a1c28cf7e91ed2078bb8cc8c259cb19b76942096c8d7b84947690cabaf0"},
]

[package.extras]
docs = ["furo", "jaraco.packaging (>=9.3)", "jaraco.tidelift (>=1.4)", "rst.linker (>=1.9)", "sphinx (<7.2.5)", "sphinx (>=3.5)", "sphinx-lint"]
testing = ["big-O", "jaraco.functools", "jaraco.itertools", "more-itertools", "pytest (>=6)", "pytest-black (>=0.3.7)", "pytest-checkdocs (>=2.4)", "pytest-cov", "pytest-enabler (>=2.2)", "pytest-ignore-flaky", "pytest-mypy (>=0.9.1)", "pytest-ruff"]

[metadata]
lock-version = "2.0"
python-versions = "^3.8"
content-hash = "b5f5d7e3e72785db1baec4dd62075171169605d6629d2f6be9eacfac506ed35e"
