# This file is automatically @generated by Poetry 1.6.1 and should not be changed by hand.

[[package]]
name = "appdirs"
version = "1.4.4"
description = "A small Python module for determining appropriate platform-specific dirs, e.g. a \"user data dir\"."
optional = false
python-versions = "*"
files = [
    {file = "appdirs-1.4.4-py2.py3-none-any.whl", hash = "sha256:a841dacd6b99318a741b166adb07e19ee71a274450e68237b4650ca1055ab128"},
    {file = "appdirs-1.4.4.tar.gz", hash = "sha256:7d5d0167b2b1ba821647616af46a749d1c653740dd0d2415100fe26e27afdf41"},
]

[[package]]
name = "argcomplete"
version = "3.1.2"
description = "Bash tab completion for argparse"
optional = false
python-versions = ">=3.6"
files = [
    {file = "argcomplete-3.1.2-py3-none-any.whl", hash = "sha256:d97c036d12a752d1079f190bc1521c545b941fda89ad85d15afa909b4d1b9a99"},
    {file = "argcomplete-3.1.2.tar.gz", hash = "sha256:d5d1e5efd41435260b8f85673b74ea2e883affcbec9f4230c582689e8e78251b"},
]

[package.extras]
test = ["coverage", "mypy", "pexpect", "ruff", "wheel"]

[[package]]
name = "attrs"
version = "23.1.0"
description = "Classes Without Boilerplate"
optional = false
python-versions = ">=3.7"
files = [
    {file = "attrs-23.1.0-py3-none-any.whl", hash = "sha256:1f28b4522cdc2fb4256ac1a020c78acf9cba2c6b461ccd2c126f3aa8e8335d04"},
    {file = "attrs-23.1.0.tar.gz", hash = "sha256:6279836d581513a26f1bf235f9acd333bc9115683f14f7e8fae46c98fc50e015"},
]

[package.extras]
cov = ["attrs[tests]", "coverage[toml] (>=5.3)"]
dev = ["attrs[docs,tests]", "pre-commit"]
docs = ["furo", "myst-parser", "sphinx", "sphinx-notfound-page", "sphinxcontrib-towncrier", "towncrier", "zope-interface"]
tests = ["attrs[tests-no-zope]", "zope-interface"]
tests-no-zope = ["cloudpickle", "hypothesis", "mypy (>=1.1.1)", "pympler", "pytest (>=4.3.0)", "pytest-mypy-plugins", "pytest-xdist[psutil]"]

[[package]]
name = "colorama"
version = "0.4.6"
description = "Cross-platform colored terminal text."
optional = false
python-versions = "!=3.0.*,!=3.1.*,!=3.2.*,!=3.3.*,!=3.4.*,!=3.5.*,!=3.6.*,>=2.7"
files = [
    {file = "colorama-0.4.6-py2.py3-none-any.whl", hash = "sha256:4f1d9991f5acc0ca119f9d443620b77f9d6b33703e51011c16baf57afb285fc6"},
    {file = "colorama-0.4.6.tar.gz", hash = "sha256:08695f5cb7ed6e0531a20572697297273c47b8cae5a63ffc6d6ed5c201be6e44"},
]

[[package]]
name = "dotty-dict"
version = "1.3.1"
description = "Dictionary wrapper for quick access to deeply nested keys."
optional = false
python-versions = ">=3.5,<4.0"
files = [
    {file = "dotty_dict-1.3.1-py3-none-any.whl", hash = "sha256:5022d234d9922f13aa711b4950372a06a6d64cb6d6db9ba43d0ba133ebfce31f"},
    {file = "dotty_dict-1.3.1.tar.gz", hash = "sha256:4b016e03b8ae265539757a53eba24b9bfda506fb94fbce0bee843c6f05541a15"},
]

[[package]]
name = "flake8"
version = "5.0.4"
description = "the modular source code checker: pep8 pyflakes and co"
optional = false
python-versions = ">=3.6.1"
files = [
    {file = "flake8-5.0.4-py2.py3-none-any.whl", hash = "sha256:7a1cf6b73744f5806ab95e526f6f0d8c01c66d7bbe349562d22dfca20610b248"},
    {file = "flake8-5.0.4.tar.gz", hash = "sha256:6fbe320aad8d6b95cec8b8e47bc933004678dc63095be98528b7bdd2a9f510db"},
]

[package.dependencies]
mccabe = ">=0.7.0,<0.8.0"
pycodestyle = ">=2.9.0,<2.10.0"
pyflakes = ">=2.5.0,<2.6.0"

[[package]]
name = "halo"
version = "0.0.31"
description = "Beautiful terminal spinners in Python"
optional = false
python-versions = ">=3.4"
files = [
    {file = "halo-0.0.31-py2-none-any.whl", hash = "sha256:5350488fb7d2aa7c31a1344120cee67a872901ce8858f60da7946cef96c208ab"},
    {file = "halo-0.0.31.tar.gz", hash = "sha256:7b67a3521ee91d53b7152d4ee3452811e1d2a6321975137762eb3d70063cc9d6"},
]

[package.dependencies]
colorama = ">=0.3.9"
log-symbols = ">=0.0.14"
six = ">=1.12.0"
spinners = ">=0.0.24"
termcolor = ">=1.1.0"

[package.extras]
ipython = ["IPython (==5.7.0)", "ipywidgets (==7.1.0)"]

[[package]]
name = "hid"
version = "1.0.5"
description = "ctypes bindings for hidapi"
optional = false
python-versions = "*"
files = [
    {file = "hid-1.0.5-py2-none-any.whl", hash = "sha256:11836b877e81ab68cdd3abc44f2e230f0e6146c7e17ac45c185b72e0159fc9c7"},
    {file = "hid-1.0.5.tar.gz", hash = "sha256:1e954e7f7ab9b7c9dfc78db59504692c17db3b71249492b976b1525b97dbb0e8"},
]

[[package]]
name = "hjson"
version = "3.1.0"
description = "Hjson, a user interface for JSON."
optional = false
python-versions = "*"
files = [
    {file = "hjson-3.1.0-py3-none-any.whl", hash = "sha256:65713cdcf13214fb554eb8b4ef803419733f4f5e551047c9b711098ab7186b89"},
    {file = "hjson-3.1.0.tar.gz", hash = "sha256:55af475a27cf83a7969c808399d7bccdec8fb836a07ddbd574587593b9cdcf75"},
]

[[package]]
name = "importlib-metadata"
version = "6.8.0"
description = "Read metadata from Python packages"
optional = false
python-versions = ">=3.8"
files = [
    {file = "importlib_metadata-6.8.0-py3-none-any.whl", hash = "sha256:3ebb78df84a805d7698245025b975d9d67053cd94c79245ba4b3eb694abe68bb"},
    {file = "importlib_metadata-6.8.0.tar.gz", hash = "sha256:dbace7892d8c0c4ac1ad096662232f831d4e64f4c4545bd53016a3e9d4654743"},
]

[package.dependencies]
zipp = ">=0.5"

[package.extras]
docs = ["furo", "jaraco.packaging (>=9)", "jaraco.tidelift (>=1.4)", "rst.linker (>=1.9)", "sphinx (>=3.5)", "sphinx-lint"]
perf = ["ipython"]
testing = ["flufl.flake8", "importlib-resources (>=1.3)", "packaging", "pyfakefs", "pytest (>=6)", "pytest-black (>=0.3.7)", "pytest-checkdocs (>=2.4)", "pytest-cov", "pytest-enabler (>=2.2)", "pytest-mypy (>=0.9.1)", "pytest-perf (>=0.9.2)", "pytest-ruff"]

[[package]]
name = "importlib-resources"
version = "6.1.0"
description = "Read resources from Python packages"
optional = false
python-versions = ">=3.8"
files = [
    {file = "importlib_resources-6.1.0-py3-none-any.whl", hash = "sha256:aa50258bbfa56d4e33fbd8aa3ef48ded10d1735f11532b8df95388cc6bdb7e83"},
    {file = "importlib_resources-6.1.0.tar.gz", hash = "sha256:9d48dcccc213325e810fd723e7fbb45ccb39f6cf5c31f00cf2b965f5f10f3cb9"},
]

[package.dependencies]
zipp = {version = ">=3.1.0", markers = "python_version < \"3.10\""}

[package.extras]
docs = ["furo", "jaraco.packaging (>=9.3)", "jaraco.tidelift (>=1.4)", "rst.linker (>=1.9)", "sphinx (<7.2.5)", "sphinx (>=3.5)", "sphinx-lint"]
testing = ["pytest (>=6)", "pytest-black (>=0.3.7)", "pytest-checkdocs (>=2.4)", "pytest-cov", "pytest-enabler (>=2.2)", "pytest-mypy (>=0.9.1)", "pytest-ruff", "zipp (>=3.17)"]

[[package]]
name = "jsonschema"
version = "4.18.0"
description = "An implementation of JSON Schema validation for Python"
optional = false
python-versions = ">=3.8"
files = [
    {file = "jsonschema-4.18.0-py3-none-any.whl", hash = "sha256:b508dd6142bd03f4c3670534c80af68cd7bbff9ea830b9cf2625d4a3c49ddf60"},
    {file = "jsonschema-4.18.0.tar.gz", hash = "sha256:8caf5b57a990a98e9b39832ef3cb35c176fe331414252b6e1b26fd5866f891a4"},
]

[package.dependencies]
attrs = ">=22.2.0"
importlib-resources = {version = ">=1.4.0", markers = "python_version < \"3.9\""}
jsonschema-specifications = ">=2023.03.6"
pkgutil-resolve-name = {version = ">=1.3.10", markers = "python_version < \"3.9\""}
referencing = ">=0.28.4"
rpds-py = ">=0.7.1"

[package.extras]
format = ["fqdn", "idna", "isoduration", "jsonpointer (>1.13)", "rfc3339-validator", "rfc3987", "uri-template", "webcolors (>=1.11)"]
format-nongpl = ["fqdn", "idna", "isoduration", "jsonpointer (>1.13)", "rfc3339-validator", "rfc3986-validator (>0.1.0)", "uri-template", "webcolors (>=1.11)"]

[[package]]
name = "jsonschema-specifications"
version = "2023.7.1"
description = "The JSON Schema meta-schemas and vocabularies, exposed as a Registry"
optional = false
python-versions = ">=3.8"
files = [
    {file = "jsonschema_specifications-2023.7.1-py3-none-any.whl", hash = "sha256:05adf340b659828a004220a9613be00fa3f223f2b82002e273dee62fd50524b1"},
    {file = "jsonschema_specifications-2023.7.1.tar.gz", hash = "sha256:c91a50404e88a1f6ba40636778e2ee08f6e24c5613fe4c53ac24578a5a7f72bb"},
]

[package.dependencies]
importlib-resources = {version = ">=1.4.0", markers = "python_version < \"3.9\""}
referencing = ">=0.28.0"

[[package]]
name = "log-symbols"
version = "0.0.14"
description = "Colored symbols for various log levels for Python"
optional = false
python-versions = "*"
files = [
    {file = "log_symbols-0.0.14-py3-none-any.whl", hash = "sha256:4952106ff8b605ab7d5081dd2c7e6ca7374584eff7086f499c06edd1ce56dcca"},
    {file = "log_symbols-0.0.14.tar.gz", hash = "sha256:cf0bbc6fe1a8e53f0d174a716bc625c4f87043cc21eb55dd8a740cfe22680556"},
]

[package.dependencies]
colorama = ">=0.3.9"

[[package]]
name = "mccabe"
version = "0.7.0"
description = "McCabe checker, plugin for flake8"
optional = false
python-versions = ">=3.6"
files = [
    {file = "mccabe-0.7.0-py2.py3-none-any.whl", hash = "sha256:6c2d30ab6be0e4a46919781807b4f0d834ebdd6c6e3dca0bda5a15f863427b6e"},
    {file = "mccabe-0.7.0.tar.gz", hash = "sha256:348e0240c33b60bbdf4e523192ef919f28cb2c3d7d5c7794f74009290f236325"},
]

[[package]]
name = "milc"
version = "1.6.8"
description = "Opinionated Batteries-Included Python 3 CLI Framework."
optional = false
python-versions = "*"
files = [
    {file = "milc-1.6.8-py2.py3-none-any.whl", hash = "sha256:d72282b5a6cdba4498b31fe26710e1cafcd07086e7f5201a7ba001fbf7b2ce81"},
    {file = "milc-1.6.8.tar.gz", hash = "sha256:a2ac93a771c1ff2304a1a5d7c28d13b07986d39e8099adb1408c8e62c46bdcde"},
]

[package.dependencies]
appdirs = "*"
argcomplete = "*"
colorama = "*"
halo = "*"
spinners = "*"

[[package]]
name = "nose2"
version = "0.13.0"
description = "unittest with plugins"
optional = false
python-versions = ">=3.6"
files = [
    {file = "nose2-0.13.0-py3-none-any.whl", hash = "sha256:e29017c9309fe2c8b8a1f1db7a0e7526acaba0c3990f32a0d961e6a7bc5cc190"},
    {file = "nose2-0.13.0.tar.gz", hash = "sha256:57c68ad676ef4b88b50694937eb52f4943aa1ca261074b4909b6e163046b46f0"},
]

[package.extras]
coverage-plugin = ["coverage"]
dev = ["Sphinx", "sphinx-issues", "sphinx-rtd-theme"]

[[package]]
name = "pep8-naming"
version = "0.13.3"
description = "Check PEP-8 naming conventions, plugin for flake8"
optional = false
python-versions = ">=3.7"
files = [
    {file = "pep8-naming-0.13.3.tar.gz", hash = "sha256:1705f046dfcd851378aac3be1cd1551c7c1e5ff363bacad707d43007877fa971"},
    {file = "pep8_naming-0.13.3-py3-none-any.whl", hash = "sha256:1a86b8c71a03337c97181917e2b472f0f5e4ccb06844a0d6f0a33522549e7a80"},
]

[package.dependencies]
flake8 = ">=5.0.0"

[[package]]
name = "pillow"
version = "10.0.1"
description = "Python Imaging Library (Fork)"
optional = false
python-versions = ">=3.8"
files = [
    {file = "Pillow-10.0.1-cp310-cp310-macosx_10_10_x86_64.whl", hash = "sha256:8f06be50669087250f319b706decf69ca71fdecd829091a37cc89398ca4dc17a"},
    {file = "Pillow-10.0.1-cp310-cp310-macosx_11_0_arm64.whl", hash = "sha256:50bd5f1ebafe9362ad622072a1d2f5850ecfa44303531ff14353a4059113b12d"},
    {file = "Pillow-10.0.1-cp310-cp310-manylinux_2_17_aarch64.manylinux2014_aarch64.whl", hash = "sha256:e6a90167bcca1216606223a05e2cf991bb25b14695c518bc65639463d7db722d"},
    {file = "Pillow-10.0.1-cp310-cp310-manylinux_2_17_x86_64.manylinux2014_x86_64.whl", hash = "sha256:f11c9102c56ffb9ca87134bd025a43d2aba3f1155f508eff88f694b33a9c6d19"},
    {file = "Pillow-10.0.1-cp310-cp310-manylinux_2_28_aarch64.whl", hash = "sha256:186f7e04248103482ea6354af6d5bcedb62941ee08f7f788a1c7707bc720c66f"},
    {file = "Pillow-10.0.1-cp310-cp310-manylinux_2_28_x86_64.whl", hash = "sha256:0462b1496505a3462d0f35dc1c4d7b54069747d65d00ef48e736acda2c8cbdff"},
    {file = "Pillow-10.0.1-cp310-cp310-musllinux_1_1_aarch64.whl", hash = "sha256:d889b53ae2f030f756e61a7bff13684dcd77e9af8b10c6048fb2c559d6ed6eaf"},
    {file = "Pillow-10.0.1-cp310-cp310-musllinux_1_1_x86_64.whl", hash = "sha256:552912dbca585b74d75279a7570dd29fa43b6d93594abb494ebb31ac19ace6bd"},
    {file = "Pillow-10.0.1-cp310-cp310-win_amd64.whl", hash = "sha256:787bb0169d2385a798888e1122c980c6eff26bf941a8ea79747d35d8f9210ca0"},
    {file = "Pillow-10.0.1-cp311-cp311-macosx_10_10_x86_64.whl", hash = "sha256:fd2a5403a75b54661182b75ec6132437a181209b901446ee5724b589af8edef1"},
    {file = "Pillow-10.0.1-cp311-cp311-macosx_11_0_arm64.whl", hash = "sha256:2d7e91b4379f7a76b31c2dda84ab9e20c6220488e50f7822e59dac36b0cd92b1"},
    {file = "Pillow-10.0.1-cp311-cp311-manylinux_2_17_aarch64.manylinux2014_aarch64.whl", hash = "sha256:19e9adb3f22d4c416e7cd79b01375b17159d6990003633ff1d8377e21b7f1b21"},
    {file = "Pillow-10.0.1-cp311-cp311-manylinux_2_17_x86_64.manylinux2014_x86_64.whl", hash = "sha256:93139acd8109edcdeffd85e3af8ae7d88b258b3a1e13a038f542b79b6d255c54"},
    {file = "Pillow-10.0.1-cp311-cp311-manylinux_2_28_aarch64.whl", hash = "sha256:92a23b0431941a33242b1f0ce6c88a952e09feeea9af4e8be48236a68ffe2205"},
    {file = "Pillow-10.0.1-cp311-cp311-manylinux_2_28_x86_64.whl", hash = "sha256:cbe68deb8580462ca0d9eb56a81912f59eb4542e1ef8f987405e35a0179f4ea2"},
    {file = "Pillow-10.0.1-cp311-cp311-musllinux_1_1_aarch64.whl", hash = "sha256:522ff4ac3aaf839242c6f4e5b406634bfea002469656ae8358644fc6c4856a3b"},
    {file = "Pillow-10.0.1-cp311-cp311-musllinux_1_1_x86_64.whl", hash = "sha256:84efb46e8d881bb06b35d1d541aa87f574b58e87f781cbba8d200daa835b42e1"},
    {file = "Pillow-10.0.1-cp311-cp311-win_amd64.whl", hash = "sha256:898f1d306298ff40dc1b9ca24824f0488f6f039bc0e25cfb549d3195ffa17088"},
    {file = "Pillow-10.0.1-cp312-cp312-macosx_10_10_x86_64.whl", hash = "sha256:bcf1207e2f2385a576832af02702de104be71301c2696d0012b1b93fe34aaa5b"},
    {file = "Pillow-10.0.1-cp312-cp312-macosx_11_0_arm64.whl", hash = "sha256:5d6c9049c6274c1bb565021367431ad04481ebb54872edecfcd6088d27edd6ed"},
    {file = "Pillow-10.0.1-cp312-cp312-manylinux_2_17_aarch64.manylinux2014_aarch64.whl", hash = "sha256:28444cb6ad49726127d6b340217f0627abc8732f1194fd5352dec5e6a0105635"},
    {file = "Pillow-10.0.1-cp312-cp312-manylinux_2_17_x86_64.manylinux2014_x86_64.whl", hash = "sha256:de596695a75496deb3b499c8c4f8e60376e0516e1a774e7bc046f0f48cd620ad"},
    {file = "Pillow-10.0.1-cp312-cp312-manylinux_2_28_aarch64.whl", hash = "sha256:2872f2d7846cf39b3dbff64bc1104cc48c76145854256451d33c5faa55c04d1a"},
    {file = "Pillow-10.0.1-cp312-cp312-manylinux_2_28_x86_64.whl", hash = "sha256:4ce90f8a24e1c15465048959f1e94309dfef93af272633e8f37361b824532e91"},
    {file = "Pillow-10.0.1-cp312-cp312-musllinux_1_1_aarch64.whl", hash = "sha256:ee7810cf7c83fa227ba9125de6084e5e8b08c59038a7b2c9045ef4dde61663b4"},
    {file = "Pillow-10.0.1-cp312-cp312-musllinux_1_1_x86_64.whl", hash = "sha256:b1be1c872b9b5fcc229adeadbeb51422a9633abd847c0ff87dc4ef9bb184ae08"},
    {file = "Pillow-10.0.1-cp312-cp312-win_amd64.whl", hash = "sha256:98533fd7fa764e5f85eebe56c8e4094db912ccbe6fbf3a58778d543cadd0db08"},
    {file = "Pillow-10.0.1-cp38-cp38-macosx_10_10_x86_64.whl", hash = "sha256:764d2c0daf9c4d40ad12fbc0abd5da3af7f8aa11daf87e4fa1b834000f4b6b0a"},
    {file = "Pillow-10.0.1-cp38-cp38-macosx_11_0_arm64.whl", hash = "sha256:fcb59711009b0168d6ee0bd8fb5eb259c4ab1717b2f538bbf36bacf207ef7a68"},
    {file = "Pillow-10.0.1-cp38-cp38-manylinux_2_17_aarch64.manylinux2014_aarch64.whl", hash = "sha256:697a06bdcedd473b35e50a7e7506b1d8ceb832dc238a336bd6f4f5aa91a4b500"},
    {file = "Pillow-10.0.1-cp38-cp38-manylinux_2_17_x86_64.manylinux2014_x86_64.whl", hash = "sha256:9f665d1e6474af9f9da5e86c2a3a2d2d6204e04d5af9c06b9d42afa6ebde3f21"},
    {file = "Pillow-10.0.1-cp38-cp38-manylinux_2_28_aarch64.whl", hash = "sha256:2fa6dd2661838c66f1a5473f3b49ab610c98a128fc08afbe81b91a1f0bf8c51d"},
    {file = "Pillow-10.0.1-cp38-cp38-manylinux_2_28_x86_64.whl", hash = "sha256:3a04359f308ebee571a3127fdb1bd01f88ba6f6fb6d087f8dd2e0d9bff43f2a7"},
    {file = "Pillow-10.0.1-cp38-cp38-musllinux_1_1_aarch64.whl", hash = "sha256:723bd25051454cea9990203405fa6b74e043ea76d4968166dfd2569b0210886a"},
    {file = "Pillow-10.0.1-cp38-cp38-musllinux_1_1_x86_64.whl", hash = "sha256:71671503e3015da1b50bd18951e2f9daf5b6ffe36d16f1eb2c45711a301521a7"},
    {file = "Pillow-10.0.1-cp38-cp38-win_amd64.whl", hash = "sha256:44e7e4587392953e5e251190a964675f61e4dae88d1e6edbe9f36d6243547ff3"},
    {file = "Pillow-10.0.1-cp39-cp39-macosx_10_10_x86_64.whl", hash = "sha256:3855447d98cced8670aaa63683808df905e956f00348732448b5a6df67ee5849"},
    {file = "Pillow-10.0.1-cp39-cp39-macosx_11_0_arm64.whl", hash = "sha256:ed2d9c0704f2dc4fa980b99d565c0c9a543fe5101c25b3d60488b8ba80f0cce1"},
    {file = "Pillow-10.0.1-cp39-cp39-manylinux_2_17_aarch64.manylinux2014_aarch64.whl", hash = "sha256:f5bb289bb835f9fe1a1e9300d011eef4d69661bb9b34d5e196e5e82c4cb09b37"},
    {file = "Pillow-10.0.1-cp39-cp39-manylinux_2_17_x86_64.manylinux2014_x86_64.whl", hash = "sha256:3a0d3e54ab1df9df51b914b2233cf779a5a10dfd1ce339d0421748232cea9876"},
    {file = "Pillow-10.0.1-cp39-cp39-manylinux_2_28_aarch64.whl", hash = "sha256:2cc6b86ece42a11f16f55fe8903595eff2b25e0358dec635d0a701ac9586588f"},
    {file = "Pillow-10.0.1-cp39-cp39-manylinux_2_28_x86_64.whl", hash = "sha256:ca26ba5767888c84bf5a0c1a32f069e8204ce8c21d00a49c90dabeba00ce0145"},
    {file = "Pillow-10.0.1-cp39-cp39-musllinux_1_1_aarch64.whl", hash = "sha256:f0b4b06da13275bc02adfeb82643c4a6385bd08d26f03068c2796f60d125f6f2"},
    {file = "Pillow-10.0.1-cp39-cp39-musllinux_1_1_x86_64.whl", hash = "sha256:bc2e3069569ea9dbe88d6b8ea38f439a6aad8f6e7a6283a38edf61ddefb3a9bf"},
    {file = "Pillow-10.0.1-cp39-cp39-win_amd64.whl", hash = "sha256:8b451d6ead6e3500b6ce5c7916a43d8d8d25ad74b9102a629baccc0808c54971"},
    {file = "Pillow-10.0.1-pp310-pypy310_pp73-macosx_10_10_x86_64.whl", hash = "sha256:32bec7423cdf25c9038fef614a853c9d25c07590e1a870ed471f47fb80b244db"},
    {file = "Pillow-10.0.1-pp310-pypy310_pp73-manylinux_2_17_x86_64.manylinux2014_x86_64.whl", hash = "sha256:b7cf63d2c6928b51d35dfdbda6f2c1fddbe51a6bc4a9d4ee6ea0e11670dd981e"},
    {file = "Pillow-10.0.1-pp310-pypy310_pp73-manylinux_2_28_x86_64.whl", hash = "sha256:f6d3d4c905e26354e8f9d82548475c46d8e0889538cb0657aa9c6f0872a37aa4"},
    {file = "Pillow-10.0.1-pp310-pypy310_pp73-win_amd64.whl", hash = "sha256:847e8d1017c741c735d3cd1883fa7b03ded4f825a6e5fcb9378fd813edee995f"},
    {file = "Pillow-10.0.1-pp39-pypy39_pp73-macosx_10_10_x86_64.whl", hash = "sha256:7f771e7219ff04b79e231d099c0a28ed83aa82af91fd5fa9fdb28f5b8d5addaf"},
    {file = "Pillow-10.0.1-pp39-pypy39_pp73-manylinux_2_17_x86_64.manylinux2014_x86_64.whl", hash = "sha256:459307cacdd4138edee3875bbe22a2492519e060660eaf378ba3b405d1c66317"},
    {file = "Pillow-10.0.1-pp39-pypy39_pp73-manylinux_2_28_x86_64.whl", hash = "sha256:b059ac2c4c7a97daafa7dc850b43b2d3667def858a4f112d1aa082e5c3d6cf7d"},
    {file = "Pillow-10.0.1-pp39-pypy39_pp73-win_amd64.whl", hash = "sha256:d6caf3cd38449ec3cd8a68b375e0c6fe4b6fd04edb6c9766b55ef84a6e8ddf2d"},
    {file = "Pillow-10.0.1.tar.gz", hash = "sha256:d72967b06be9300fed5cfbc8b5bafceec48bf7cdc7dab66b1d2549035287191d"},
]

[package.extras]
docs = ["furo", "olefile", "sphinx (>=2.4)", "sphinx-copybutton", "sphinx-inline-tabs", "sphinx-removed-in", "sphinxext-opengraph"]
tests = ["check-manifest", "coverage", "defusedxml", "markdown2", "olefile", "packaging", "pyroma", "pytest", "pytest-cov", "pytest-timeout"]

[[package]]
name = "pkgutil-resolve-name"
version = "1.3.10"
description = "Resolve a name to an object."
optional = false
python-versions = ">=3.6"
files = [
    {file = "pkgutil_resolve_name-1.3.10-py3-none-any.whl", hash = "sha256:ca27cc078d25c5ad71a9de0a7a330146c4e014c2462d9af19c6b828280649c5e"},
    {file = "pkgutil_resolve_name-1.3.10.tar.gz", hash = "sha256:357d6c9e6a755653cfd78893817c0853af365dd51ec97f3d358a819373bbd174"},
]

[[package]]
name = "platformdirs"
version = "3.10.0"
description = "A small Python package for determining appropriate platform-specific dirs, e.g. a \"user data dir\"."
optional = false
python-versions = ">=3.7"
files = [
    {file = "platformdirs-3.10.0-py3-none-any.whl", hash = "sha256:d7c24979f292f916dc9cbf8648319032f551ea8c49a4c9bf2fb556a02070ec1d"},
    {file = "platformdirs-3.10.0.tar.gz", hash = "sha256:b45696dab2d7cc691a3226759c0d3b00c47c8b6e293d96f6436f733303f77f6d"},
]

[package.extras]
docs = ["furo (>=2023.7.26)", "proselint (>=0.13)", "sphinx (>=7.1.1)", "sphinx-autodoc-typehints (>=1.24)"]
test = ["appdirs (==1.4.4)", "covdefaults (>=2.3)", "pytest (>=7.4)", "pytest-cov (>=4.1)", "pytest-mock (>=3.11.1)"]

[[package]]
name = "pycodestyle"
version = "2.9.1"
description = "Python style guide checker"
optional = false
python-versions = ">=3.6"
files = [
    {file = "pycodestyle-2.9.1-py2.py3-none-any.whl", hash = "sha256:d1735fc58b418fd7c5f658d28d943854f8a849b01a5d0a1e6f3f3fdd0166804b"},
    {file = "pycodestyle-2.9.1.tar.gz", hash = "sha256:2c9607871d58c76354b697b42f5d57e1ada7d261c261efac224b664affdc5785"},
]

[[package]]
name = "pyflakes"
version = "2.5.0"
description = "passive checker of Python programs"
optional = false
python-versions = ">=3.6"
files = [
    {file = "pyflakes-2.5.0-py2.py3-none-any.whl", hash = "sha256:4579f67d887f804e67edb544428f264b7b24f435b263c4614f384135cea553d2"},
    {file = "pyflakes-2.5.0.tar.gz", hash = "sha256:491feb020dca48ccc562a8c0cbe8df07ee13078df59813b83959cbdada312ea3"},
]

[[package]]
name = "pygments"
version = "2.16.1"
description = "Pygments is a syntax highlighting package written in Python."
optional = false
python-versions = ">=3.7"
files = [
    {file = "Pygments-2.16.1-py3-none-any.whl", hash = "sha256:13fc09fa63bc8d8671a6d247e1eb303c4b343eaee81d861f3404db2935653692"},
    {file = "Pygments-2.16.1.tar.gz", hash = "sha256:1daff0494820c69bc8941e407aa20f577374ee88364ee10a98fdbe0aece96e29"},
]

[package.extras]
plugins = ["importlib-metadata"]

[[package]]
name = "pyserial"
version = "3.5"
description = "Python Serial Port Extension"
optional = false
python-versions = "*"
files = [
    {file = "pyserial-3.5-py2.py3-none-any.whl", hash = "sha256:c4451db6ba391ca6ca299fb3ec7bae67a5c55dde170964c7a14ceefec02f2cf0"},
    {file = "pyserial-3.5.tar.gz", hash = "sha256:3c77e014170dfffbd816e6ffc205e9842efb10be9f58ec16d3e8675b4925cddb"},
]

[package.extras]
cp2110 = ["hidapi"]

[[package]]
name = "pyusb"
version = "1.2.1"
description = "Python USB access module"
optional = false
python-versions = ">=3.6.0"
files = [
    {file = "pyusb-1.2.1-py3-none-any.whl", hash = "sha256:2b4c7cb86dbadf044dfb9d3a4ff69fd217013dbe78a792177a3feb172449ea36"},
    {file = "pyusb-1.2.1.tar.gz", hash = "sha256:a4cc7404a203144754164b8b40994e2849fde1cfff06b08492f12fff9d9de7b9"},
]

[[package]]
name = "qmk"
version = "1.1.2"
description = "A program to help users work with QMK Firmware."
optional = false
python-versions = ">=3.7"
files = [
    {file = "qmk-1.1.2-py2.py3-none-any.whl", hash = "sha256:c5a8dd46d7c3e474d5140ce89f117285d65b3eda0fed0a5d8fd554afbd71cf56"},
    {file = "qmk-1.1.2.tar.gz", hash = "sha256:f871f88f1a0ca31ba31a009d716417e46bc538a4f8df8ede6a801c9076c22998"},
]

[package.dependencies]
dotty-dict = "*"
hid = "*"
hjson = "*"
jsonschema = ">=4"
milc = ">=1.4.2"
pillow = "*"
pygments = "*"
pyserial = "*"
pyusb = "*"
setuptools = ">=45"

[[package]]
name = "referencing"
version = "0.30.2"
description = "JSON Referencing + Python"
optional = false
python-versions = ">=3.8"
files = [
    {file = "referencing-0.30.2-py3-none-any.whl", hash = "sha256:449b6669b6121a9e96a7f9e410b245d471e8d48964c67113ce9afe50c8dd7bdf"},
    {file = "referencing-0.30.2.tar.gz", hash = "sha256:794ad8003c65938edcdbc027f1933215e0d0ccc0291e3ce20a4d87432b59efc0"},
]

[package.dependencies]
attrs = ">=22.2.0"
rpds-py = ">=0.7.0"

[[package]]
name = "rpds-py"
version = "0.8.8"
description = "Python bindings to Rust's persistent data structures (rpds)"
optional = false
python-versions = ">=3.8"
files = [
    {file = "rpds_py-0.8.8-cp310-cp310-macosx_10_7_x86_64.whl", hash = "sha256:cea42c2f52e37877e6b877bce64d109a6b0213e32545ecc70d4492d2a4641b8f"},
    {file = "rpds_py-0.8.8-cp310-cp310-macosx_11_0_arm64.whl", hash = "sha256:b189640d59afa8aeff59865fa9d314bca97987c378950f215297e15d64ae1124"},
    {file = "rpds_py-0.8.8-cp310-cp310-manylinux_2_17_aarch64.manylinux2014_aarch64.whl", hash = "sha256:87d74c2526115daa9d805a66377997602185a837ff7ecceed9d27e625c383572"},
    {file = "rpds_py-0.8.8-cp310-cp310-manylinux_2_17_armv7l.manylinux2014_armv7l.whl", hash = "sha256:db71c665fc7ddb9ac53d7b69dc588493c0b71635b28fc8ff64b31eb9db5b3461"},
    {file = "rpds_py-0.8.8-cp310-cp310-manylinux_2_17_ppc64le.manylinux2014_ppc64le.whl", hash = "sha256:2d6a26953d3b291dd7e79e43bb203ed134ca889e63c8ebbc65e3ff98154303ef"},
    {file = "rpds_py-0.8.8-cp310-cp310-manylinux_2_17_s390x.manylinux2014_s390x.whl", hash = "sha256:3660bd2afb23e1ca685df0d3092208fe6c7b2cae8c0be199b3da6d1a4bc91dc5"},
    {file = "rpds_py-0.8.8-cp310-cp310-manylinux_2_17_x86_64.manylinux2014_x86_64.whl", hash = "sha256:4b5164fdad37847e90683d3748dca7c4604f47ecd21e2d651dafc80393d1d314"},
    {file = "rpds_py-0.8.8-cp310-cp310-manylinux_2_5_i686.manylinux1_i686.whl", hash = "sha256:0dfec14a64759186153115d987f9e60b1fa7e8e14a00004a02482e696199e554"},
    {file = "rpds_py-0.8.8-cp310-cp310-musllinux_1_2_aarch64.whl", hash = "sha256:d6696c2a002e982e89975063939a2579623d6d6b24634b147848ec9f35dad7d6"},
    {file = "rpds_py-0.8.8-cp310-cp310-musllinux_1_2_i686.whl", hash = "sha256:13aed64f2e0bef04a0eae6d1d1295f901f6c1640d1e20264dc3b19d62ef1721d"},
    {file = "rpds_py-0.8.8-cp310-cp310-musllinux_1_2_x86_64.whl", hash = "sha256:316a66b0379a9e954872593aa2eb6d61949da2ecc8f572b4dafb07aa0e247171"},
    {file = "rpds_py-0.8.8-cp310-none-win32.whl", hash = "sha256:e4e11f71673905d9e8735b8dd4ef8fa85a82e6003851fe46f9bdc51aebc2cd5d"},
    {file = "rpds_py-0.8.8-cp310-none-win_amd64.whl", hash = "sha256:6b1b235b890373f785507f8f6a644a4f191b7195939e7f6108dc0e5e4fab57fd"},
    {file = "rpds_py-0.8.8-cp311-cp311-macosx_10_7_x86_64.whl", hash = "sha256:d4334405f6c73c29ff94521f78ad53ebb76a9c1b8dafea75852f9f64c3679cf7"},
    {file = "rpds_py-0.8.8-cp311-cp311-macosx_11_0_arm64.whl", hash = "sha256:0df2ae878fd99342415a42659f3bcee34b12441a509033e0ab04c6e301895607"},
    {file = "rpds_py-0.8.8-cp311-cp311-manylinux_2_17_aarch64.manylinux2014_aarch64.whl", hash = "sha256:d2f8666fde7cfd9cdbc6c223876b39697d387f0215d12ed25147e9efec2dff5a"},
    {file = "rpds_py-0.8.8-cp311-cp311-manylinux_2_17_armv7l.manylinux2014_armv7l.whl", hash = "sha256:ea8c4a1232c7bacf73366b0490dda7f67d25958aec1c2f099b6753c8bfe84427"},
    {file = "rpds_py-0.8.8-cp311-cp311-manylinux_2_17_ppc64le.manylinux2014_ppc64le.whl", hash = "sha256:b5cbcbd6451a4af2048fc0b21c15981462f6a378cb039aa53612c6e39958064e"},
    {file = "rpds_py-0.8.8-cp311-cp311-manylinux_2_17_s390x.manylinux2014_s390x.whl", hash = "sha256:d418d2fd8c0fffe2897bc3e15a2e2ec87abf29076f0c36898cc33fb7881c2cbe"},
    {file = "rpds_py-0.8.8-cp311-cp311-manylinux_2_17_x86_64.manylinux2014_x86_64.whl", hash = "sha256:c97e4cbe722474d17c309ee49e09331ceffe345bb72e2b10c6c740788871b122"},
    {file = "rpds_py-0.8.8-cp311-cp311-manylinux_2_5_i686.manylinux1_i686.whl", hash = "sha256:1f60a7eb96fedcc5bf59761d33ac0f2f127d75f8c4b99ed0f138fc0f3601c537"},
    {file = "rpds_py-0.8.8-cp311-cp311-musllinux_1_2_aarch64.whl", hash = "sha256:b3ed0d3498b69159db0d5db1393c8bae4df51cf936b2ef5cda53d800acab0019"},
    {file = "rpds_py-0.8.8-cp311-cp311-musllinux_1_2_i686.whl", hash = "sha256:22afed13c6ad4ccdc650ad44cbc06f835f4f30de201bd4ee2afc09bde06a357a"},
    {file = "rpds_py-0.8.8-cp311-cp311-musllinux_1_2_x86_64.whl", hash = "sha256:78c5577f99d2edc9eed9ec39fae27b73d04d1b2462aff6f6b11207e0364fc40d"},
    {file = "rpds_py-0.8.8-cp311-none-win32.whl", hash = "sha256:42eb3030665ee7a5c03fd4db6b8db1983aa91bcdffbed0f4687751deb2a94a7c"},
    {file = "rpds_py-0.8.8-cp311-none-win_amd64.whl", hash = "sha256:7110854662ccf8db84b90e4624301ef5311cafff7e5f2a63f2d7cc0fc1a75b60"},
    {file = "rpds_py-0.8.8-cp312-cp312-macosx_10_7_x86_64.whl", hash = "sha256:d00b16de3c42bb3d26341b443e48d67d444bb1a4ce6b44dd5600def2da759599"},
    {file = "rpds_py-0.8.8-cp312-cp312-macosx_11_0_arm64.whl", hash = "sha256:4d7e540e4f85c04706ea798f47a86483f3d85c624704413bc701eb75684d35a5"},
    {file = "rpds_py-0.8.8-cp312-cp312-manylinux_2_17_aarch64.manylinux2014_aarch64.whl", hash = "sha256:54a54c3c220e7c5038207912aab23443f829762503a4fcbc5c7bbffef7523b13"},
    {file = "rpds_py-0.8.8-cp312-cp312-manylinux_2_17_armv7l.manylinux2014_armv7l.whl", hash = "sha256:22d5bef6f9942e46582610a60b8420f8e9af7e0c69e35c317cb508c30117f933"},
    {file = "rpds_py-0.8.8-cp312-cp312-manylinux_2_17_ppc64le.manylinux2014_ppc64le.whl", hash = "sha256:c4fccd5e138908ae6f2db5fbfc6769e65372993b0c4c047586de15b6c31a76e8"},
    {file = "rpds_py-0.8.8-cp312-cp312-manylinux_2_17_s390x.manylinux2014_s390x.whl", hash = "sha256:502f0bee154fa1c13514dfddb402ef29b86aca11873a3316de4534cf0e13a1e8"},
    {file = "rpds_py-0.8.8-cp312-cp312-manylinux_2_17_x86_64.manylinux2014_x86_64.whl", hash = "sha256:d9cfd2c2dbb0446ec1ba132e62e1f4880163e43e131dd43f58f58fd46430649b"},
    {file = "rpds_py-0.8.8-cp312-cp312-manylinux_2_5_i686.manylinux1_i686.whl", hash = "sha256:f12e679f29a6c2c0607b7037e7fce4f6430a0d304770768cf6d8036386918c29"},
    {file = "rpds_py-0.8.8-cp312-cp312-musllinux_1_2_aarch64.whl", hash = "sha256:8f9d619c66dc7c018a22a1795a14ab4dad3c76246c9059b681955254a0f58f7c"},
    {file = "rpds_py-0.8.8-cp312-cp312-musllinux_1_2_i686.whl", hash = "sha256:87f9e70c04cc0402f8b14fec8ac91d1b825ac89a9aa015556a0af12a06b5f085"},
    {file = "rpds_py-0.8.8-cp312-cp312-musllinux_1_2_x86_64.whl", hash = "sha256:d72757c0cb6423fe73ecaa2db3adf0077da513b7fe8cb19e102de6df4ccdad0c"},
    {file = "rpds_py-0.8.8-cp38-cp38-macosx_10_7_x86_64.whl", hash = "sha256:d7e46f52272ceecc42c05ad869b068b2dbfb6eb5643bcccecd2327d3cded5a2e"},
    {file = "rpds_py-0.8.8-cp38-cp38-macosx_11_0_arm64.whl", hash = "sha256:7628b2080538faa4a1243b0002678cae7111af68ae7b5aa6cd8526762cace868"},
    {file = "rpds_py-0.8.8-cp38-cp38-manylinux_2_17_aarch64.manylinux2014_aarch64.whl", hash = "sha256:657348b35a4c2e7c2340bf0bc37597900037bd87e9db7e6282711aaa77256e16"},
    {file = "rpds_py-0.8.8-cp38-cp38-manylinux_2_17_armv7l.manylinux2014_armv7l.whl", hash = "sha256:8ac1e47ee4cb2dbd714537e63c67086eec63f56b13208fe450ae5be4f3d65671"},
    {file = "rpds_py-0.8.8-cp38-cp38-manylinux_2_17_ppc64le.manylinux2014_ppc64le.whl", hash = "sha256:cafbfa8f3a27e592bdcc420497e0c9a957c9f812b6c6ebfb7f961409215ba82d"},
    {file = "rpds_py-0.8.8-cp38-cp38-manylinux_2_17_s390x.manylinux2014_s390x.whl", hash = "sha256:9af40bb89e40932e04c0cc1fb516249d6b3ae68ceebd984fdc592a6673244e50"},
    {file = "rpds_py-0.8.8-cp38-cp38-manylinux_2_17_x86_64.manylinux2014_x86_64.whl", hash = "sha256:5b7c87503843a036f898d44c47326a117d23b6269a9f1574adf83d7bb051b839"},
    {file = "rpds_py-0.8.8-cp38-cp38-manylinux_2_5_i686.manylinux1_i686.whl", hash = "sha256:c0fe018430e5e8e1d8b513bcbccdb0ea34b9fd81c32b3a49c41a109fade17cfb"},
    {file = "rpds_py-0.8.8-cp38-cp38-musllinux_1_2_aarch64.whl", hash = "sha256:c7019b2522af6b835118177b6b53f7ed08da28061aa5d44e06286be09799e7a4"},
    {file = "rpds_py-0.8.8-cp38-cp38-musllinux_1_2_i686.whl", hash = "sha256:ac596301c7723809ecb6ec4cb2564b2cadc06f8c07b6348a56fcbf1ae043d751"},
    {file = "rpds_py-0.8.8-cp38-cp38-musllinux_1_2_x86_64.whl", hash = "sha256:f8a1cc37e2395002381510a6862c29634acd67edfe5774661a6c48d8617acae7"},
    {file = "rpds_py-0.8.8-cp38-none-win32.whl", hash = "sha256:e261fa453ad50fe1d9287fa21d962cdbcd3d495cf1160dd0f893883040c455b6"},
    {file = "rpds_py-0.8.8-cp38-none-win_amd64.whl", hash = "sha256:e1700fba17dd63c9c7d5cb03cf838db23cf938dd5cdb1eecb6ba8b8da62c3e73"},
    {file = "rpds_py-0.8.8-cp39-cp39-macosx_10_7_x86_64.whl", hash = "sha256:25a4b357ba7540d7cc709915699d67d505c8177cdb30824127092e1b4886b504"},
    {file = "rpds_py-0.8.8-cp39-cp39-macosx_11_0_arm64.whl", hash = "sha256:f81a570a20f9fce617d728f4e3bdc05bfbb68afa2e795ec0c52544a7923de517"},
    {file = "rpds_py-0.8.8-cp39-cp39-manylinux_2_17_aarch64.manylinux2014_aarch64.whl", hash = "sha256:246a410e540ce7f635c6ad1b7aa00b7dcfc966c5f97217e41092c3f764dac4bf"},
    {file = "rpds_py-0.8.8-cp39-cp39-manylinux_2_17_armv7l.manylinux2014_armv7l.whl", hash = "sha256:bfe98ad05400e7ac7a1df791645db08c66adc92d7a6449a406111303a265b71a"},
    {file = "rpds_py-0.8.8-cp39-cp39-manylinux_2_17_ppc64le.manylinux2014_ppc64le.whl", hash = "sha256:ddb5226b11f4fce98c6e47c07819fbbfdda6d3fd529cd176ad8a1e0b98a70b05"},
    {file = "rpds_py-0.8.8-cp39-cp39-manylinux_2_17_s390x.manylinux2014_s390x.whl", hash = "sha256:6ee396f63a1f540fb3aecb8cc698180d30573a661be47fb3fff45cbd2b5d4686"},
    {file = "rpds_py-0.8.8-cp39-cp39-manylinux_2_17_x86_64.manylinux2014_x86_64.whl", hash = "sha256:6e85ea159f2d2132d4fcb71abb7df9683314f6073bf8ee9f9bd576440245e59c"},
    {file = "rpds_py-0.8.8-cp39-cp39-manylinux_2_5_i686.manylinux1_i686.whl", hash = "sha256:ed823997c3300b541da0fcc9eee8fbe6740e07939ffa432824cfca287472d652"},
    {file = "rpds_py-0.8.8-cp39-cp39-musllinux_1_2_aarch64.whl", hash = "sha256:4333b5c2801e44bf342207a7700378a1013f300116c9553ce1ffbc73047d2a02"},
    {file = "rpds_py-0.8.8-cp39-cp39-musllinux_1_2_i686.whl", hash = "sha256:681ef7a21e6990583533c3a3038b7176f5e51e5d345fe2d9109b54f6bffcabcd"},
    {file = "rpds_py-0.8.8-cp39-cp39-musllinux_1_2_x86_64.whl", hash = "sha256:1891903e567d728175c0475a1f0ffc1d1580013b0b265b9e2f1b8c93d58b2d05"},
    {file = "rpds_py-0.8.8-cp39-none-win32.whl", hash = "sha256:ee42ce4ef46ea334ce8ab63d5a57c7fd78238c9c7293b3caa6dfedf11bd28773"},
    {file = "rpds_py-0.8.8-cp39-none-win_amd64.whl", hash = "sha256:0e8da63b9baa154ec9ddd6dd397893830d17e5812ceb50edbae8122d8ecb9f2e"},
    {file = "rpds_py-0.8.8-pp310-pypy310_pp73-macosx_10_7_x86_64.whl", hash = "sha256:ecc79cd61c4c16f92521c7d34e0f534bc486fc5ed5d1fdf8d4e6e0c578dc7e07"},
    {file = "rpds_py-0.8.8-pp310-pypy310_pp73-macosx_11_0_arm64.whl", hash = "sha256:d43e4253469a6149f4dae91189ccbf832dcd870109b940fa6acb02769e57802b"},
    {file = "rpds_py-0.8.8-pp310-pypy310_pp73-manylinux_2_17_aarch64.manylinux2014_aarch64.whl", hash = "sha256:9985927f001d98d38ad90e0829d3e3c162ce42060bafb833782a934bf1d1d39b"},
    {file = "rpds_py-0.8.8-pp310-pypy310_pp73-manylinux_2_17_armv7l.manylinux2014_armv7l.whl", hash = "sha256:7af604c6581da01fd5f89a917c903a324779fdfa7b3ae66204865d34b5f2c502"},
    {file = "rpds_py-0.8.8-pp310-pypy310_pp73-manylinux_2_17_ppc64le.manylinux2014_ppc64le.whl", hash = "sha256:53ed81e3a9a0eb3dfd404ee097d4f50ec6985301ea6e03b4d57cd7ef239179f9"},
    {file = "rpds_py-0.8.8-pp310-pypy310_pp73-manylinux_2_17_s390x.manylinux2014_s390x.whl", hash = "sha256:7e6b93a8a17e84a53fa6636037955ba8e795f6645dab5ccbeb356c8dbc9cb371"},
    {file = "rpds_py-0.8.8-pp310-pypy310_pp73-manylinux_2_17_x86_64.manylinux2014_x86_64.whl", hash = "sha256:592b9de8d82e919ffbf069e586808f56118a7f522bb0d018c54fa3526e5f2bed"},
    {file = "rpds_py-0.8.8-pp310-pypy310_pp73-manylinux_2_5_i686.manylinux1_i686.whl", hash = "sha256:af0920c26fe3421f9e113975c185f7c42a3f0a8ead72cee5b4e6648af5d8cecc"},
    {file = "rpds_py-0.8.8-pp310-pypy310_pp73-musllinux_1_2_aarch64.whl", hash = "sha256:28ce85916d7377b9734b280872fb456aa048712901edff9d60836c7b2e177265"},
    {file = "rpds_py-0.8.8-pp310-pypy310_pp73-musllinux_1_2_i686.whl", hash = "sha256:cbbb26ac4dade6fdec22cb1155ca38d270b308f57cfd48a13a7a8ecc79369e82"},
    {file = "rpds_py-0.8.8-pp310-pypy310_pp73-musllinux_1_2_x86_64.whl", hash = "sha256:8469755965ff2aa1da08e6e0afcde08950ebba84a4836cdc1672d097c62ffdbd"},
    {file = "rpds_py-0.8.8-pp38-pypy38_pp73-macosx_10_7_x86_64.whl", hash = "sha256:f1c84912d77b01651488bbe392df593b4c5852e213477e268ebbb7c799059d78"},
    {file = "rpds_py-0.8.8-pp38-pypy38_pp73-macosx_11_0_arm64.whl", hash = "sha256:180963bb3e1fcc6ed6313ece5e065f0df4021a7eb7016084d3cbc90cd2a8af3e"},
    {file = "rpds_py-0.8.8-pp38-pypy38_pp73-manylinux_2_17_aarch64.manylinux2014_aarch64.whl", hash = "sha256:8e1251d6690f356a305192089017da83999cded1d7e2405660d14c1dff976af7"},
    {file = "rpds_py-0.8.8-pp38-pypy38_pp73-manylinux_2_17_armv7l.manylinux2014_armv7l.whl", hash = "sha256:36266e2e49b36ec6cc148e36667030d8e7f1c009edd2ca978ab09ed9c5a7589a"},
    {file = "rpds_py-0.8.8-pp38-pypy38_pp73-manylinux_2_17_ppc64le.manylinux2014_ppc64le.whl", hash = "sha256:7bd8dbc1c63668124e5e48e601d32f1053cfd5a86004ae0e55dc9ba8b1e7de29"},
    {file = "rpds_py-0.8.8-pp38-pypy38_pp73-manylinux_2_17_s390x.manylinux2014_s390x.whl", hash = "sha256:0c62fdb01111da948e8446caaefebf2ca4307a58fcbc10039b48d0db7205397c"},
    {file = "rpds_py-0.8.8-pp38-pypy38_pp73-manylinux_2_17_x86_64.manylinux2014_x86_64.whl", hash = "sha256:79ac819182795a2168ed11075c7362de368f360244fb7cea8274c222b2d55365"},
    {file = "rpds_py-0.8.8-pp38-pypy38_pp73-manylinux_2_5_i686.manylinux1_i686.whl", hash = "sha256:b949e86affe17c8828d82936c51d7aa9b686511f9ac99a4b1de596d7140c8083"},
    {file = "rpds_py-0.8.8-pp38-pypy38_pp73-musllinux_1_2_aarch64.whl", hash = "sha256:fffd98c1fd6b38df35e471549c2486d826af0fda6ca55c0bbbb956b291e7f2ae"},
    {file = "rpds_py-0.8.8-pp38-pypy38_pp73-musllinux_1_2_i686.whl", hash = "sha256:9b331fa451d725258c1ad0ae6816cf36d55294e5cb68338cf91550b9a448a48f"},
    {file = "rpds_py-0.8.8-pp38-pypy38_pp73-musllinux_1_2_x86_64.whl", hash = "sha256:18a97bb7f211b247346983092186927c517153ac155c611f43ca83d5ee93a3e2"},
    {file = "rpds_py-0.8.8-pp39-pypy39_pp73-macosx_10_7_x86_64.whl", hash = "sha256:df3097abf5fd09bfcd8f6fd02d052b25cc3e160b3ee71b6fbd831b2cd516c958"},
    {file = "rpds_py-0.8.8-pp39-pypy39_pp73-macosx_11_0_arm64.whl", hash = "sha256:961828c668140796c4963edb14cd968666d5414b9b5829997a4f475fd917906e"},
    {file = "rpds_py-0.8.8-pp39-pypy39_pp73-manylinux_2_17_aarch64.manylinux2014_aarch64.whl", hash = "sha256:b5a55fd01f61df19e4f53fd67b63ca9bf47559632c3f7d4037faa06d3a6fed54"},
    {file = "rpds_py-0.8.8-pp39-pypy39_pp73-manylinux_2_17_armv7l.manylinux2014_armv7l.whl", hash = "sha256:8f64ef5700ff8fded62b12d1ea55463031cc5a353b670ed7146126c6cbf28788"},
    {file = "rpds_py-0.8.8-pp39-pypy39_pp73-manylinux_2_17_ppc64le.manylinux2014_ppc64le.whl", hash = "sha256:a747477838a90b9264f434b5399309f9badb32c80ff3e9c4f6d5b87fddcbaa09"},
    {file = "rpds_py-0.8.8-pp39-pypy39_pp73-manylinux_2_17_s390x.manylinux2014_s390x.whl", hash = "sha256:358c7a976482537d26fcbdc7808e7cc25f64816fe89681f9aa8bef13e16c7370"},
    {file = "rpds_py-0.8.8-pp39-pypy39_pp73-manylinux_2_17_x86_64.manylinux2014_x86_64.whl", hash = "sha256:e086610118163400a1822af0ee857581c0e047aa50a9c3543d17fbe65183a339"},
    {file = "rpds_py-0.8.8-pp39-pypy39_pp73-manylinux_2_5_i686.manylinux1_i686.whl", hash = "sha256:755a837fb7053dbf511fba26343423bd80d3b75a5d7f57f6e407c2fe5ae46682"},
    {file = "rpds_py-0.8.8-pp39-pypy39_pp73-musllinux_1_2_aarch64.whl", hash = "sha256:247a1fd9bcdb373380cb8c0041417c9995fc163c9d88a39f5ec3d960114aca22"},
    {file = "rpds_py-0.8.8-pp39-pypy39_pp73-musllinux_1_2_i686.whl", hash = "sha256:c26b1a0425c038cc23cf5770a47d7a7382fe68d6d10fb2a52c2896ca94e72550"},
    {file = "rpds_py-0.8.8-pp39-pypy39_pp73-musllinux_1_2_x86_64.whl", hash = "sha256:4c66a5f9ca9c5fcb2527ad969541521f7216db713a7bd63aee52c3f5efa5924a"},
    {file = "rpds_py-0.8.8.tar.gz", hash = "sha256:300b8579740b06e246238b730e636f314a7d8dc475be1868650f5d3ddc29a0d8"},
]

[[package]]
name = "setuptools"
version = "68.2.2"
description = "Easily download, build, install, upgrade, and uninstall Python packages"
optional = false
python-versions = ">=3.8"
files = [
    {file = "setuptools-68.2.2-py3-none-any.whl", hash = "sha256:b454a35605876da60632df1a60f736524eb73cc47bbc9f3f1ef1b644de74fd2a"},
    {file = "setuptools-68.2.2.tar.gz", hash = "sha256:4ac1475276d2f1c48684874089fefcd83bd7162ddaafb81fac866ba0db282a87"},
]

[package.extras]
docs = ["furo", "jaraco.packaging (>=9.3)", "jaraco.tidelift (>=1.4)", "pygments-github-lexers (==0.0.5)", "rst.linker (>=1.9)", "sphinx (>=3.5)", "sphinx-favicon", "sphinx-hoverxref (<2)", "sphinx-inline-tabs", "sphinx-lint", "sphinx-notfound-page (>=1,<2)", "sphinx-reredirects", "sphinxcontrib-towncrier"]
testing = ["build[virtualenv]", "filelock (>=3.4.0)", "flake8-2020", "ini2toml[lite] (>=0.9)", "jaraco.develop (>=7.21)", "jaraco.envs (>=2.2)", "jaraco.path (>=3.2.0)", "pip (>=19.1)", "pytest (>=6)", "pytest-black (>=0.3.7)", "pytest-checkdocs (>=2.4)", "pytest-cov", "pytest-enabler (>=2.2)", "pytest-mypy (>=0.9.1)", "pytest-perf", "pytest-ruff", "pytest-timeout", "pytest-xdist", "tomli-w (>=1.0.0)", "virtualenv (>=13.0.0)", "wheel"]
testing-integration = ["build[virtualenv] (>=1.0.3)", "filelock (>=3.4.0)", "jaraco.envs (>=2.2)", "jaraco.path (>=3.2.0)", "packaging (>=23.1)", "pytest", "pytest-enabler", "pytest-xdist", "tomli", "virtualenv (>=13.0.0)", "wheel"]

[[package]]
name = "six"
version = "1.16.0"
description = "Python 2 and 3 compatibility utilities"
optional = false
python-versions = ">=2.7, !=3.0.*, !=3.1.*, !=3.2.*"
files = [
    {file = "six-1.16.0-py2.py3-none-any.whl", hash = "sha256:8abb2f1d86890a2dfb989f9a77cfcfd3e47c2a354b01111771326f8aa26e0254"},
    {file = "six-1.16.0.tar.gz", hash = "sha256:1e61c37477a1626458e36f7b1d82aa5c9b094fa4802892072e49de9c60c4c926"},
]

[[package]]
name = "spinners"
version = "0.0.24"
description = "Spinners for terminals"
optional = false
python-versions = "*"
files = [
    {file = "spinners-0.0.24-py3-none-any.whl", hash = "sha256:2fa30d0b72c9650ad12bbe031c9943b8d441e41b4f5602b0ec977a19f3290e98"},
    {file = "spinners-0.0.24.tar.gz", hash = "sha256:1eb6aeb4781d72ab42ed8a01dcf20f3002bf50740d7154d12fb8c9769bf9e27f"},
]

[[package]]
name = "termcolor"
version = "2.3.0"
description = "ANSI color formatting for output in terminal"
optional = false
python-versions = ">=3.7"
files = [
    {file = "termcolor-2.3.0-py3-none-any.whl", hash = "sha256:3afb05607b89aed0ffe25202399ee0867ad4d3cb4180d98aaf8eefa6a5f7d475"},
    {file = "termcolor-2.3.0.tar.gz", hash = "sha256:b5b08f68937f138fe92f6c089b99f1e2da0ae56c52b78bf7075fd95420fd9a5a"},
]

[package.extras]
tests = ["pytest", "pytest-cov"]

[[package]]
name = "tomli"
version = "2.0.1"
description = "A lil' TOML parser"
optional = false
python-versions = ">=3.7"
files = [
    {file = "tomli-2.0.1-py3-none-any.whl", hash = "sha256:939de3e7a6161af0c887ef91b7d41a53e7c5a1ca976325f429cb46ea9bc30ecc"},
    {file = "tomli-2.0.1.tar.gz", hash = "sha256:de526c12914f0c550d15924c62d72abc48d6fe7364aa87328337a31007fe8a4f"},
]

[[package]]
name = "yapf"
version = "0.40.1"
description = "A formatter for Python code."
optional = false
python-versions = ">=3.7"
files = [
    {file = "yapf-0.40.1-py3-none-any.whl", hash = "sha256:b8bfc1f280949153e795181768ca14ef43d7312629a06c43e7abd279323af313"},
    {file = "yapf-0.40.1.tar.gz", hash = "sha256:958587eb5c8ec6c860119a9c25d02addf30a44f75aa152a4220d30e56a98037c"},
]

[package.dependencies]
importlib-metadata = ">=6.6.0"
platformdirs = ">=3.5.1"
tomli = ">=2.0.1"

[[package]]
name = "zipp"
version = "3.17.0"
description = "Backport of pathlib-compatible object wrapper for zip files"
optional = false
python-versions = ">=3.8"
files = [
    {file = "zipp-3.17.0-py3-none-any.whl", hash = "sha256:0e923e726174922dce09c53c59ad483ff7bbb8e572e00c7f7c46b88556409f31"},
    {file = "zipp-3.17.0.tar.gz", hash = "sha256:84e64a1c28cf7e91ed2078bb8cc8c259cb19b76942096c8d7b84947690cabaf0"},
]

[package.extras]
docs = ["furo", "jaraco.packaging (>=9.3)", "jaraco.tidelift (>=1.4)", "rst.linker (>=1.9)", "sphinx (<7.2.5)", "sphinx (>=3.5)", "sphinx-lint"]
testing = ["big-O", "jaraco.functools", "jaraco.itertools", "more-itertools", "pytest (>=6)", "pytest-black (>=0.3.7)", "pytest-checkdocs (>=2.4)", "pytest-cov", "pytest-enabler (>=2.2)", "pytest-ignore-flaky", "pytest-mypy (>=0.9.1)", "pytest-ruff"]

[metadata]
lock-version = "2.0"
python-versions = "^3.8"
content-hash = "b5f5d7e3e72785db1baec4dd62075171169605d6629d2f6be9eacfac506ed35e"
